// !$*UTF8*$!
{
	archiveVersion = 1;
	classes = {
	};
	objectVersion = 50;
	objects = {

/* Begin PBXBuildFile section */
		2AB4F7FC5CE31DBED0481661 /* Pods_Text_Recignize.framework in Frameworks */ = {isa = PBXBuildFile; fileRef = E79B9CE5848C1F1A12CA0747 /* Pods_Text_Recignize.framework */; };
		2F90055AD0B53AC5336C9F67 /* Pods_Text_RecignizeUITests.framework in Frameworks */ = {isa = PBXBuildFile; fileRef = DFA9AAE2C15925015268314C /* Pods_Text_RecignizeUITests.framework */; };
		4716175D699A48F60691D894 /* Pods_Text_RecignizeTests.framework in Frameworks */ = {isa = PBXBuildFile; fileRef = 32E2D6AE0A3D0141BF8F5817 /* Pods_Text_RecignizeTests.framework */; };
		9F5930D721BD676800BC8820 /* AppDelegate.swift in Sources */ = {isa = PBXBuildFile; fileRef = 9F5930D621BD676800BC8820 /* AppDelegate.swift */; };
		9F5930D921BD676800BC8820 /* ViewController.swift in Sources */ = {isa = PBXBuildFile; fileRef = 9F5930D821BD676800BC8820 /* ViewController.swift */; };
		9F5930DC21BD676800BC8820 /* Main.storyboard in Resources */ = {isa = PBXBuildFile; fileRef = 9F5930DA21BD676800BC8820 /* Main.storyboard */; };
		9F5930DE21BD676D00BC8820 /* Assets.xcassets in Resources */ = {isa = PBXBuildFile; fileRef = 9F5930DD21BD676D00BC8820 /* Assets.xcassets */; };
		9F5930E121BD676D00BC8820 /* LaunchScreen.storyboard in Resources */ = {isa = PBXBuildFile; fileRef = 9F5930DF21BD676D00BC8820 /* LaunchScreen.storyboard */; };
		9F5930EC21BD676D00BC8820 /* Text_RecignizeTests.swift in Sources */ = {isa = PBXBuildFile; fileRef = 9F5930EB21BD676D00BC8820 /* Text_RecignizeTests.swift */; };
		9F5930F721BD676D00BC8820 /* Text_RecignizeUITests.swift in Sources */ = {isa = PBXBuildFile; fileRef = 9F5930F621BD676D00BC8820 /* Text_RecignizeUITests.swift */; };
		9F59310521BD6F6600BC8820 /* GoogleService-Info.plist in Resources */ = {isa = PBXBuildFile; fileRef = 9F59310421BD6F6600BC8820 /* GoogleService-Info.plist */; };
/* End PBXBuildFile section */

/* Begin PBXContainerItemProxy section */
		9F5930E821BD676D00BC8820 /* PBXContainerItemProxy */ = {
			isa = PBXContainerItemProxy;
			containerPortal = 9F5930CB21BD676700BC8820 /* Project object */;
			proxyType = 1;
			remoteGlobalIDString = 9F5930D221BD676800BC8820;
			remoteInfo = "Text Recignize";
		};
		9F5930F321BD676D00BC8820 /* PBXContainerItemProxy */ = {
			isa = PBXContainerItemProxy;
			containerPortal = 9F5930CB21BD676700BC8820 /* Project object */;
			proxyType = 1;
			remoteGlobalIDString = 9F5930D221BD676800BC8820;
			remoteInfo = "Text Recignize";
		};
/* End PBXContainerItemProxy section */

/* Begin PBXFileReference section */
		30109A64749DBA8C3BC3BCDF /* Pods-Text Recignize.release.xcconfig */ = {isa = PBXFileReference; includeInIndex = 1; lastKnownFileType = text.xcconfig; name = "Pods-Text Recignize.release.xcconfig"; path = "Target Support Files/Pods-Text Recignize/Pods-Text Recignize.release.xcconfig"; sourceTree = "<group>"; };
		32E2D6AE0A3D0141BF8F5817 /* Pods_Text_RecignizeTests.framework */ = {isa = PBXFileReference; explicitFileType = wrapper.framework; includeInIndex = 0; path = Pods_Text_RecignizeTests.framework; sourceTree = BUILT_PRODUCTS_DIR; };
		822898BE60CA3DA24B738A1D /* Pods-Text RecignizeTests.release.xcconfig */ = {isa = PBXFileReference; includeInIndex = 1; lastKnownFileType = text.xcconfig; name = "Pods-Text RecignizeTests.release.xcconfig"; path = "Target Support Files/Pods-Text RecignizeTests/Pods-Text RecignizeTests.release.xcconfig"; sourceTree = "<group>"; };
		823D7B497F7182B48D9653D6 /* Pods-Text RecignizeUITests.release.xcconfig */ = {isa = PBXFileReference; includeInIndex = 1; lastKnownFileType = text.xcconfig; name = "Pods-Text RecignizeUITests.release.xcconfig"; path = "Target Support Files/Pods-Text RecignizeUITests/Pods-Text RecignizeUITests.release.xcconfig"; sourceTree = "<group>"; };
		8EE94738253FD55C27996FEF /* Pods-Text RecignizeUITests.debug.xcconfig */ = {isa = PBXFileReference; includeInIndex = 1; lastKnownFileType = text.xcconfig; name = "Pods-Text RecignizeUITests.debug.xcconfig"; path = "Target Support Files/Pods-Text RecignizeUITests/Pods-Text RecignizeUITests.debug.xcconfig"; sourceTree = "<group>"; };
		9F5930D321BD676800BC8820 /* Text Recignize.app */ = {isa = PBXFileReference; explicitFileType = wrapper.application; includeInIndex = 0; path = "Text Recignize.app"; sourceTree = BUILT_PRODUCTS_DIR; };
		9F5930D621BD676800BC8820 /* AppDelegate.swift */ = {isa = PBXFileReference; lastKnownFileType = sourcecode.swift; path = AppDelegate.swift; sourceTree = "<group>"; };
		9F5930D821BD676800BC8820 /* ViewController.swift */ = {isa = PBXFileReference; lastKnownFileType = sourcecode.swift; path = ViewController.swift; sourceTree = "<group>"; };
		9F5930DB21BD676800BC8820 /* Base */ = {isa = PBXFileReference; lastKnownFileType = file.storyboard; name = Base; path = Base.lproj/Main.storyboard; sourceTree = "<group>"; };
		9F5930DD21BD676D00BC8820 /* Assets.xcassets */ = {isa = PBXFileReference; lastKnownFileType = folder.assetcatalog; path = Assets.xcassets; sourceTree = "<group>"; };
		9F5930E021BD676D00BC8820 /* Base */ = {isa = PBXFileReference; lastKnownFileType = file.storyboard; name = Base; path = Base.lproj/LaunchScreen.storyboard; sourceTree = "<group>"; };
		9F5930E221BD676D00BC8820 /* Info.plist */ = {isa = PBXFileReference; lastKnownFileType = text.plist.xml; path = Info.plist; sourceTree = "<group>"; };
		9F5930E721BD676D00BC8820 /* Text RecignizeTests.xctest */ = {isa = PBXFileReference; explicitFileType = wrapper.cfbundle; includeInIndex = 0; path = "Text RecignizeTests.xctest"; sourceTree = BUILT_PRODUCTS_DIR; };
		9F5930EB21BD676D00BC8820 /* Text_RecignizeTests.swift */ = {isa = PBXFileReference; lastKnownFileType = sourcecode.swift; path = Text_RecignizeTests.swift; sourceTree = "<group>"; };
		9F5930ED21BD676D00BC8820 /* Info.plist */ = {isa = PBXFileReference; lastKnownFileType = text.plist.xml; path = Info.plist; sourceTree = "<group>"; };
		9F5930F221BD676D00BC8820 /* Text RecignizeUITests.xctest */ = {isa = PBXFileReference; explicitFileType = wrapper.cfbundle; includeInIndex = 0; path = "Text RecignizeUITests.xctest"; sourceTree = BUILT_PRODUCTS_DIR; };
		9F5930F621BD676D00BC8820 /* Text_RecignizeUITests.swift */ = {isa = PBXFileReference; lastKnownFileType = sourcecode.swift; path = Text_RecignizeUITests.swift; sourceTree = "<group>"; };
		9F5930F821BD676D00BC8820 /* Info.plist */ = {isa = PBXFileReference; lastKnownFileType = text.plist.xml; path = Info.plist; sourceTree = "<group>"; };
		9F59310421BD6F6600BC8820 /* GoogleService-Info.plist */ = {isa = PBXFileReference; fileEncoding = 4; lastKnownFileType = text.plist.xml; name = "GoogleService-Info.plist"; path = "../../../../Downloads/GoogleService-Info.plist"; sourceTree = "<group>"; };
		DB092AD8561677F3A7D78A0E /* Pods-Text RecignizeTests.debug.xcconfig */ = {isa = PBXFileReference; includeInIndex = 1; lastKnownFileType = text.xcconfig; name = "Pods-Text RecignizeTests.debug.xcconfig"; path = "Target Support Files/Pods-Text RecignizeTests/Pods-Text RecignizeTests.debug.xcconfig"; sourceTree = "<group>"; };
		DFA9AAE2C15925015268314C /* Pods_Text_RecignizeUITests.framework */ = {isa = PBXFileReference; explicitFileType = wrapper.framework; includeInIndex = 0; path = Pods_Text_RecignizeUITests.framework; sourceTree = BUILT_PRODUCTS_DIR; };
		E79B9CE5848C1F1A12CA0747 /* Pods_Text_Recignize.framework */ = {isa = PBXFileReference; explicitFileType = wrapper.framework; includeInIndex = 0; path = Pods_Text_Recignize.framework; sourceTree = BUILT_PRODUCTS_DIR; };
		ED41769D4A5B02EFDB924398 /* Pods-Text Recignize.debug.xcconfig */ = {isa = PBXFileReference; includeInIndex = 1; lastKnownFileType = text.xcconfig; name = "Pods-Text Recignize.debug.xcconfig"; path = "Target Support Files/Pods-Text Recignize/Pods-Text Recignize.debug.xcconfig"; sourceTree = "<group>"; };
/* End PBXFileReference section */

/* Begin PBXFrameworksBuildPhase section */
		9F5930D021BD676800BC8820 /* Frameworks */ = {
			isa = PBXFrameworksBuildPhase;
			buildActionMask = 2147483647;
			files = (
				2AB4F7FC5CE31DBED0481661 /* Pods_Text_Recignize.framework in Frameworks */,
			);
			runOnlyForDeploymentPostprocessing = 0;
		};
		9F5930E421BD676D00BC8820 /* Frameworks */ = {
			isa = PBXFrameworksBuildPhase;
			buildActionMask = 2147483647;
			files = (
				4716175D699A48F60691D894 /* Pods_Text_RecignizeTests.framework in Frameworks */,
			);
			runOnlyForDeploymentPostprocessing = 0;
		};
		9F5930EF21BD676D00BC8820 /* Frameworks */ = {
			isa = PBXFrameworksBuildPhase;
			buildActionMask = 2147483647;
			files = (
				2F90055AD0B53AC5336C9F67 /* Pods_Text_RecignizeUITests.framework in Frameworks */,
			);
			runOnlyForDeploymentPostprocessing = 0;
		};
/* End PBXFrameworksBuildPhase section */

/* Begin PBXGroup section */
		04273989DA48415DAE8EC46F /* Pods */ = {
			isa = PBXGroup;
			children = (
				ED41769D4A5B02EFDB924398 /* Pods-Text Recignize.debug.xcconfig */,
				30109A64749DBA8C3BC3BCDF /* Pods-Text Recignize.release.xcconfig */,
				DB092AD8561677F3A7D78A0E /* Pods-Text RecignizeTests.debug.xcconfig */,
				822898BE60CA3DA24B738A1D /* Pods-Text RecignizeTests.release.xcconfig */,
				8EE94738253FD55C27996FEF /* Pods-Text RecignizeUITests.debug.xcconfig */,
				823D7B497F7182B48D9653D6 /* Pods-Text RecignizeUITests.release.xcconfig */,
			);
			path = Pods;
			sourceTree = "<group>";
		};
		9F5930CA21BD676700BC8820 = {
			isa = PBXGroup;
			children = (
				9F5930D521BD676800BC8820 /* Text Recignize */,
				9F5930EA21BD676D00BC8820 /* Text RecignizeTests */,
				9F5930F521BD676D00BC8820 /* Text RecignizeUITests */,
				9F5930D421BD676800BC8820 /* Products */,
				04273989DA48415DAE8EC46F /* Pods */,
				C507116296DDC7F2D3B88372 /* Frameworks */,
			);
			sourceTree = "<group>";
		};
		9F5930D421BD676800BC8820 /* Products */ = {
			isa = PBXGroup;
			children = (
				9F5930D321BD676800BC8820 /* Text Recignize.app */,
				9F5930E721BD676D00BC8820 /* Text RecignizeTests.xctest */,
				9F5930F221BD676D00BC8820 /* Text RecignizeUITests.xctest */,
			);
			name = Products;
			sourceTree = "<group>";
		};
		9F5930D521BD676800BC8820 /* Text Recignize */ = {
			isa = PBXGroup;
			children = (
				9F5930D621BD676800BC8820 /* AppDelegate.swift */,
				9F5930D821BD676800BC8820 /* ViewController.swift */,
				9F5930DA21BD676800BC8820 /* Main.storyboard */,
				9F5930DD21BD676D00BC8820 /* Assets.xcassets */,
				9F5930DF21BD676D00BC8820 /* LaunchScreen.storyboard */,
				9F5930E221BD676D00BC8820 /* Info.plist */,
				9F59310421BD6F6600BC8820 /* GoogleService-Info.plist */,
			);
			path = "Text Recignize";
			sourceTree = "<group>";
		};
		9F5930EA21BD676D00BC8820 /* Text RecignizeTests */ = {
			isa = PBXGroup;
			children = (
				9F5930EB21BD676D00BC8820 /* Text_RecignizeTests.swift */,
				9F5930ED21BD676D00BC8820 /* Info.plist */,
			);
			path = "Text RecignizeTests";
			sourceTree = "<group>";
		};
		9F5930F521BD676D00BC8820 /* Text RecignizeUITests */ = {
			isa = PBXGroup;
			children = (
				9F5930F621BD676D00BC8820 /* Text_RecignizeUITests.swift */,
				9F5930F821BD676D00BC8820 /* Info.plist */,
			);
			path = "Text RecignizeUITests";
			sourceTree = "<group>";
		};
		C507116296DDC7F2D3B88372 /* Frameworks */ = {
			isa = PBXGroup;
			children = (
				E79B9CE5848C1F1A12CA0747 /* Pods_Text_Recignize.framework */,
				32E2D6AE0A3D0141BF8F5817 /* Pods_Text_RecignizeTests.framework */,
				DFA9AAE2C15925015268314C /* Pods_Text_RecignizeUITests.framework */,
			);
			name = Frameworks;
			sourceTree = "<group>";
		};
/* End PBXGroup section */

/* Begin PBXNativeTarget section */
		9F5930D221BD676800BC8820 /* Text Recignize */ = {
			isa = PBXNativeTarget;
			buildConfigurationList = 9F5930FB21BD676D00BC8820 /* Build configuration list for PBXNativeTarget "Text Recignize" */;
			buildPhases = (
				B4D14BDA843AE7168804A73F /* [CP] Check Pods Manifest.lock */,
				9F5930CF21BD676800BC8820 /* Sources */,
				9F5930D021BD676800BC8820 /* Frameworks */,
				9F5930D121BD676800BC8820 /* Resources */,
				03F9F4B26750F64A1525FAB2 /* [CP] Embed Pods Frameworks */,
				D7122E115F1417A2B7FEBEEA /* [CP] Copy Pods Resources */,
			);
			buildRules = (
			);
			dependencies = (
			);
			name = "Text Recignize";
			productName = "Text Recignize";
			productReference = 9F5930D321BD676800BC8820 /* Text Recignize.app */;
			productType = "com.apple.product-type.application";
		};
		9F5930E621BD676D00BC8820 /* Text RecignizeTests */ = {
			isa = PBXNativeTarget;
			buildConfigurationList = 9F5930FE21BD676D00BC8820 /* Build configuration list for PBXNativeTarget "Text RecignizeTests" */;
			buildPhases = (
				FC92770AB72389F2D3BB8D85 /* [CP] Check Pods Manifest.lock */,
				9F5930E321BD676D00BC8820 /* Sources */,
				9F5930E421BD676D00BC8820 /* Frameworks */,
				9F5930E521BD676D00BC8820 /* Resources */,
			);
			buildRules = (
			);
			dependencies = (
				9F5930E921BD676D00BC8820 /* PBXTargetDependency */,
			);
			name = "Text RecignizeTests";
			productName = "Text RecignizeTests";
			productReference = 9F5930E721BD676D00BC8820 /* Text RecignizeTests.xctest */;
			productType = "com.apple.product-type.bundle.unit-test";
		};
		9F5930F121BD676D00BC8820 /* Text RecignizeUITests */ = {
			isa = PBXNativeTarget;
			buildConfigurationList = 9F59310121BD676D00BC8820 /* Build configuration list for PBXNativeTarget "Text RecignizeUITests" */;
			buildPhases = (
				9B795795E910E05B1A4B3B9A /* [CP] Check Pods Manifest.lock */,
				9F5930EE21BD676D00BC8820 /* Sources */,
				9F5930EF21BD676D00BC8820 /* Frameworks */,
				9F5930F021BD676D00BC8820 /* Resources */,
			);
			buildRules = (
			);
			dependencies = (
				9F5930F421BD676D00BC8820 /* PBXTargetDependency */,
			);
			name = "Text RecignizeUITests";
			productName = "Text RecignizeUITests";
			productReference = 9F5930F221BD676D00BC8820 /* Text RecignizeUITests.xctest */;
			productType = "com.apple.product-type.bundle.ui-testing";
		};
/* End PBXNativeTarget section */

/* Begin PBXProject section */
		9F5930CB21BD676700BC8820 /* Project object */ = {
			isa = PBXProject;
			attributes = {
				LastSwiftUpdateCheck = 1010;
				LastUpgradeCheck = 1010;
				ORGANIZATIONNAME = Ringo_02;
				TargetAttributes = {
					9F5930D221BD676800BC8820 = {
						CreatedOnToolsVersion = 10.1;
					};
					9F5930E621BD676D00BC8820 = {
						CreatedOnToolsVersion = 10.1;
						TestTargetID = 9F5930D221BD676800BC8820;
					};
					9F5930F121BD676D00BC8820 = {
						CreatedOnToolsVersion = 10.1;
						TestTargetID = 9F5930D221BD676800BC8820;
					};
				};
			};
			buildConfigurationList = 9F5930CE21BD676700BC8820 /* Build configuration list for PBXProject "Text Recignize" */;
			compatibilityVersion = "Xcode 9.3";
			developmentRegion = en;
			hasScannedForEncodings = 0;
			knownRegions = (
				en,
				Base,
			);
			mainGroup = 9F5930CA21BD676700BC8820;
			productRefGroup = 9F5930D421BD676800BC8820 /* Products */;
			projectDirPath = "";
			projectRoot = "";
			targets = (
				9F5930D221BD676800BC8820 /* Text Recignize */,
				9F5930E621BD676D00BC8820 /* Text RecignizeTests */,
				9F5930F121BD676D00BC8820 /* Text RecignizeUITests */,
			);
		};
/* End PBXProject section */

/* Begin PBXResourcesBuildPhase section */
		9F5930D121BD676800BC8820 /* Resources */ = {
			isa = PBXResourcesBuildPhase;
			buildActionMask = 2147483647;
			files = (
				9F5930E121BD676D00BC8820 /* LaunchScreen.storyboard in Resources */,
				9F59310521BD6F6600BC8820 /* GoogleService-Info.plist in Resources */,
				9F5930DE21BD676D00BC8820 /* Assets.xcassets in Resources */,
				9F5930DC21BD676800BC8820 /* Main.storyboard in Resources */,
			);
			runOnlyForDeploymentPostprocessing = 0;
		};
		9F5930E521BD676D00BC8820 /* Resources */ = {
			isa = PBXResourcesBuildPhase;
			buildActionMask = 2147483647;
			files = (
			);
			runOnlyForDeploymentPostprocessing = 0;
		};
		9F5930F021BD676D00BC8820 /* Resources */ = {
			isa = PBXResourcesBuildPhase;
			buildActionMask = 2147483647;
			files = (
			);
			runOnlyForDeploymentPostprocessing = 0;
		};
/* End PBXResourcesBuildPhase section */

/* Begin PBXShellScriptBuildPhase section */
		03F9F4B26750F64A1525FAB2 /* [CP] Embed Pods Frameworks */ = {
			isa = PBXShellScriptBuildPhase;
			buildActionMask = 2147483647;
			files = (
			);
			inputFileListPaths = (
			);
			inputPaths = (
				"${PODS_ROOT}/Target Support Files/Pods-Text Recignize/Pods-Text Recignize-frameworks.sh",
				"${BUILT_PRODUCTS_DIR}/GTMSessionFetcher/GTMSessionFetcher.framework",
				"${BUILT_PRODUCTS_DIR}/GoogleAPIClientForREST/GoogleAPIClientForREST.framework",
				"${BUILT_PRODUCTS_DIR}/GoogleToolboxForMac/GoogleToolboxForMac.framework",
				"${BUILT_PRODUCTS_DIR}/GoogleUtilities/GoogleUtilities.framework",
				"${BUILT_PRODUCTS_DIR}/KeyboardHideManager/KeyboardHideManager.framework",
				"${BUILT_PRODUCTS_DIR}/Protobuf/Protobuf.framework",
				"${BUILT_PRODUCTS_DIR}/nanopb/nanopb.framework",
			);
			name = "[CP] Embed Pods Frameworks";
			outputFileListPaths = (
			);
			outputPaths = (
				"${TARGET_BUILD_DIR}/${FRAMEWORKS_FOLDER_PATH}/GTMSessionFetcher.framework",
				"${TARGET_BUILD_DIR}/${FRAMEWORKS_FOLDER_PATH}/GoogleAPIClientForREST.framework",
				"${TARGET_BUILD_DIR}/${FRAMEWORKS_FOLDER_PATH}/GoogleToolboxForMac.framework",
				"${TARGET_BUILD_DIR}/${FRAMEWORKS_FOLDER_PATH}/GoogleUtilities.framework",
				"${TARGET_BUILD_DIR}/${FRAMEWORKS_FOLDER_PATH}/KeyboardHideManager.framework",
				"${TARGET_BUILD_DIR}/${FRAMEWORKS_FOLDER_PATH}/Protobuf.framework",
				"${TARGET_BUILD_DIR}/${FRAMEWORKS_FOLDER_PATH}/nanopb.framework",
			);
			runOnlyForDeploymentPostprocessing = 0;
			shellPath = /bin/sh;
			shellScript = "\"${PODS_ROOT}/Target Support Files/Pods-Text Recignize/Pods-Text Recignize-frameworks.sh\"\n";
			showEnvVarsInLog = 0;
		};
		9B795795E910E05B1A4B3B9A /* [CP] Check Pods Manifest.lock */ = {
			isa = PBXShellScriptBuildPhase;
			buildActionMask = 2147483647;
			files = (
			);
			inputFileListPaths = (
			);
			inputPaths = (
				"${PODS_PODFILE_DIR_PATH}/Podfile.lock",
				"${PODS_ROOT}/Manifest.lock",
			);
			name = "[CP] Check Pods Manifest.lock";
			outputFileListPaths = (
			);
			outputPaths = (
				"$(DERIVED_FILE_DIR)/Pods-Text RecignizeUITests-checkManifestLockResult.txt",
			);
			runOnlyForDeploymentPostprocessing = 0;
			shellPath = /bin/sh;
			shellScript = "diff \"${PODS_PODFILE_DIR_PATH}/Podfile.lock\" \"${PODS_ROOT}/Manifest.lock\" > /dev/null\nif [ $? != 0 ] ; then\n    # print error to STDERR\n    echo \"error: The sandbox is not in sync with the Podfile.lock. Run 'pod install' or update your CocoaPods installation.\" >&2\n    exit 1\nfi\n# This output is used by Xcode 'outputs' to avoid re-running this script phase.\necho \"SUCCESS\" > \"${SCRIPT_OUTPUT_FILE_0}\"\n";
			showEnvVarsInLog = 0;
		};
		B4D14BDA843AE7168804A73F /* [CP] Check Pods Manifest.lock */ = {
			isa = PBXShellScriptBuildPhase;
			buildActionMask = 2147483647;
			files = (
			);
			inputFileListPaths = (
			);
			inputPaths = (
				"${PODS_PODFILE_DIR_PATH}/Podfile.lock",
				"${PODS_ROOT}/Manifest.lock",
			);
			name = "[CP] Check Pods Manifest.lock";
			outputFileListPaths = (
			);
			outputPaths = (
				"$(DERIVED_FILE_DIR)/Pods-Text Recignize-checkManifestLockResult.txt",
			);
			runOnlyForDeploymentPostprocessing = 0;
			shellPath = /bin/sh;
			shellScript = "diff \"${PODS_PODFILE_DIR_PATH}/Podfile.lock\" \"${PODS_ROOT}/Manifest.lock\" > /dev/null\nif [ $? != 0 ] ; then\n    # print error to STDERR\n    echo \"error: The sandbox is not in sync with the Podfile.lock. Run 'pod install' or update your CocoaPods installation.\" >&2\n    exit 1\nfi\n# This output is used by Xcode 'outputs' to avoid re-running this script phase.\necho \"SUCCESS\" > \"${SCRIPT_OUTPUT_FILE_0}\"\n";
			showEnvVarsInLog = 0;
		};
		D7122E115F1417A2B7FEBEEA /* [CP] Copy Pods Resources */ = {
			isa = PBXShellScriptBuildPhase;
			buildActionMask = 2147483647;
			files = (
			);
			inputFileListPaths = (
			);
			inputPaths = (
				"${PODS_ROOT}/Target Support Files/Pods-Text Recignize/Pods-Text Recignize-resources.sh",
				"${PODS_CONFIGURATION_BUILD_DIR}/GoogleMobileVision/GoogleMVTextDetectorResources.bundle",
			);
			name = "[CP] Copy Pods Resources";
			outputFileListPaths = (
			);
			outputPaths = (
				"${TARGET_BUILD_DIR}/${UNLOCALIZED_RESOURCES_FOLDER_PATH}/GoogleMVTextDetectorResources.bundle",
			);
			runOnlyForDeploymentPostprocessing = 0;
			shellPath = /bin/sh;
			shellScript = "\"${PODS_ROOT}/Target Support Files/Pods-Text Recignize/Pods-Text Recignize-resources.sh\"\n";
			showEnvVarsInLog = 0;
		};
		FC92770AB72389F2D3BB8D85 /* [CP] Check Pods Manifest.lock */ = {
			isa = PBXShellScriptBuildPhase;
			buildActionMask = 2147483647;
			files = (
			);
			inputFileListPaths = (
			);
			inputPaths = (
				"${PODS_PODFILE_DIR_PATH}/Podfile.lock",
				"${PODS_ROOT}/Manifest.lock",
			);
			name = "[CP] Check Pods Manifest.lock";
			outputFileListPaths = (
			);
			outputPaths = (
				"$(DERIVED_FILE_DIR)/Pods-Text RecignizeTests-checkManifestLockResult.txt",
			);
			runOnlyForDeploymentPostprocessing = 0;
			shellPath = /bin/sh;
			shellScript = "diff \"${PODS_PODFILE_DIR_PATH}/Podfile.lock\" \"${PODS_ROOT}/Manifest.lock\" > /dev/null\nif [ $? != 0 ] ; then\n    # print error to STDERR\n    echo \"error: The sandbox is not in sync with the Podfile.lock. Run 'pod install' or update your CocoaPods installation.\" >&2\n    exit 1\nfi\n# This output is used by Xcode 'outputs' to avoid re-running this script phase.\necho \"SUCCESS\" > \"${SCRIPT_OUTPUT_FILE_0}\"\n";
			showEnvVarsInLog = 0;
		};
/* End PBXShellScriptBuildPhase section */

/* Begin PBXSourcesBuildPhase section */
		9F5930CF21BD676800BC8820 /* Sources */ = {
			isa = PBXSourcesBuildPhase;
			buildActionMask = 2147483647;
			files = (
				9F5930D921BD676800BC8820 /* ViewController.swift in Sources */,
				9F5930D721BD676800BC8820 /* AppDelegate.swift in Sources */,
			);
			runOnlyForDeploymentPostprocessing = 0;
		};
		9F5930E321BD676D00BC8820 /* Sources */ = {
			isa = PBXSourcesBuildPhase;
			buildActionMask = 2147483647;
			files = (
				9F5930EC21BD676D00BC8820 /* Text_RecignizeTests.swift in Sources */,
			);
			runOnlyForDeploymentPostprocessing = 0;
		};
		9F5930EE21BD676D00BC8820 /* Sources */ = {
			isa = PBXSourcesBuildPhase;
			buildActionMask = 2147483647;
			files = (
				9F5930F721BD676D00BC8820 /* Text_RecignizeUITests.swift in Sources */,
			);
			runOnlyForDeploymentPostprocessing = 0;
		};
/* End PBXSourcesBuildPhase section */

/* Begin PBXTargetDependency section */
		9F5930E921BD676D00BC8820 /* PBXTargetDependency */ = {
			isa = PBXTargetDependency;
			target = 9F5930D221BD676800BC8820 /* Text Recignize */;
			targetProxy = 9F5930E821BD676D00BC8820 /* PBXContainerItemProxy */;
		};
		9F5930F421BD676D00BC8820 /* PBXTargetDependency */ = {
			isa = PBXTargetDependency;
			target = 9F5930D221BD676800BC8820 /* Text Recignize */;
			targetProxy = 9F5930F321BD676D00BC8820 /* PBXContainerItemProxy */;
		};
/* End PBXTargetDependency section */

/* Begin PBXVariantGroup section */
		9F5930DA21BD676800BC8820 /* Main.storyboard */ = {
			isa = PBXVariantGroup;
			children = (
				9F5930DB21BD676800BC8820 /* Base */,
			);
			name = Main.storyboard;
			sourceTree = "<group>";
		};
		9F5930DF21BD676D00BC8820 /* LaunchScreen.storyboard */ = {
			isa = PBXVariantGroup;
			children = (
				9F5930E021BD676D00BC8820 /* Base */,
			);
			name = LaunchScreen.storyboard;
			sourceTree = "<group>";
		};
/* End PBXVariantGroup section */

/* Begin XCBuildConfiguration section */
		9F5930F921BD676D00BC8820 /* Debug */ = {
			isa = XCBuildConfiguration;
			buildSettings = {
				ALWAYS_SEARCH_USER_PATHS = NO;
				CLANG_ANALYZER_NONNULL = YES;
				CLANG_ANALYZER_NUMBER_OBJECT_CONVERSION = YES_AGGRESSIVE;
				CLANG_CXX_LANGUAGE_STANDARD = "gnu++14";
				CLANG_CXX_LIBRARY = "libc++";
				CLANG_ENABLE_MODULES = YES;
				CLANG_ENABLE_OBJC_ARC = YES;
				CLANG_ENABLE_OBJC_WEAK = YES;
				CLANG_WARN_BLOCK_CAPTURE_AUTORELEASING = YES;
				CLANG_WARN_BOOL_CONVERSION = YES;
				CLANG_WARN_COMMA = YES;
				CLANG_WARN_CONSTANT_CONVERSION = YES;
				CLANG_WARN_DEPRECATED_OBJC_IMPLEMENTATIONS = YES;
				CLANG_WARN_DIRECT_OBJC_ISA_USAGE = YES_ERROR;
				CLANG_WARN_DOCUMENTATION_COMMENTS = YES;
				CLANG_WARN_EMPTY_BODY = YES;
				CLANG_WARN_ENUM_CONVERSION = YES;
				CLANG_WARN_INFINITE_RECURSION = YES;
				CLANG_WARN_INT_CONVERSION = YES;
				CLANG_WARN_NON_LITERAL_NULL_CONVERSION = YES;
				CLANG_WARN_OBJC_IMPLICIT_RETAIN_SELF = YES;
				CLANG_WARN_OBJC_LITERAL_CONVERSION = YES;
				CLANG_WARN_OBJC_ROOT_CLASS = YES_ERROR;
				CLANG_WARN_RANGE_LOOP_ANALYSIS = YES;
				CLANG_WARN_STRICT_PROTOTYPES = YES;
				CLANG_WARN_SUSPICIOUS_MOVE = YES;
				CLANG_WARN_UNGUARDED_AVAILABILITY = YES_AGGRESSIVE;
				CLANG_WARN_UNREACHABLE_CODE = YES;
				CLANG_WARN__DUPLICATE_METHOD_MATCH = YES;
				CODE_SIGN_IDENTITY = "iPhone Developer";
				COPY_PHASE_STRIP = NO;
				DEBUG_INFORMATION_FORMAT = dwarf;
				ENABLE_STRICT_OBJC_MSGSEND = YES;
				ENABLE_TESTABILITY = YES;
				GCC_C_LANGUAGE_STANDARD = gnu11;
				GCC_DYNAMIC_NO_PIC = NO;
				GCC_NO_COMMON_BLOCKS = YES;
				GCC_OPTIMIZATION_LEVEL = 0;
				GCC_PREPROCESSOR_DEFINITIONS = (
					"DEBUG=1",
					"$(inherited)",
				);
				GCC_WARN_64_TO_32_BIT_CONVERSION = YES;
				GCC_WARN_ABOUT_RETURN_TYPE = YES_ERROR;
				GCC_WARN_UNDECLARED_SELECTOR = YES;
				GCC_WARN_UNINITIALIZED_AUTOS = YES_AGGRESSIVE;
				GCC_WARN_UNUSED_FUNCTION = YES;
				GCC_WARN_UNUSED_VARIABLE = YES;
				IPHONEOS_DEPLOYMENT_TARGET = 12.1;
				MTL_ENABLE_DEBUG_INFO = INCLUDE_SOURCE;
				MTL_FAST_MATH = YES;
				ONLY_ACTIVE_ARCH = YES;
				SDKROOT = iphoneos;
				SWIFT_ACTIVE_COMPILATION_CONDITIONS = DEBUG;
				SWIFT_OPTIMIZATION_LEVEL = "-Onone";
			};
			name = Debug;
		};
		9F5930FA21BD676D00BC8820 /* Release */ = {
			isa = XCBuildConfiguration;
			buildSettings = {
				ALWAYS_SEARCH_USER_PATHS = NO;
				CLANG_ANALYZER_NONNULL = YES;
				CLANG_ANALYZER_NUMBER_OBJECT_CONVERSION = YES_AGGRESSIVE;
				CLANG_CXX_LANGUAGE_STANDARD = "gnu++14";
				CLANG_CXX_LIBRARY = "libc++";
				CLANG_ENABLE_MODULES = YES;
				CLANG_ENABLE_OBJC_ARC = YES;
				CLANG_ENABLE_OBJC_WEAK = YES;
				CLANG_WARN_BLOCK_CAPTURE_AUTORELEASING = YES;
				CLANG_WARN_BOOL_CONVERSION = YES;
				CLANG_WARN_COMMA = YES;
				CLANG_WARN_CONSTANT_CONVERSION = YES;
				CLANG_WARN_DEPRECATED_OBJC_IMPLEMENTATIONS = YES;
				CLANG_WARN_DIRECT_OBJC_ISA_USAGE = YES_ERROR;
				CLANG_WARN_DOCUMENTATION_COMMENTS = YES;
				CLANG_WARN_EMPTY_BODY = YES;
				CLANG_WARN_ENUM_CONVERSION = YES;
				CLANG_WARN_INFINITE_RECURSION = YES;
				CLANG_WARN_INT_CONVERSION = YES;
				CLANG_WARN_NON_LITERAL_NULL_CONVERSION = YES;
				CLANG_WARN_OBJC_IMPLICIT_RETAIN_SELF = YES;
				CLANG_WARN_OBJC_LITERAL_CONVERSION = YES;
				CLANG_WARN_OBJC_ROOT_CLASS = YES_ERROR;
				CLANG_WARN_RANGE_LOOP_ANALYSIS = YES;
				CLANG_WARN_STRICT_PROTOTYPES = YES;
				CLANG_WARN_SUSPICIOUS_MOVE = YES;
				CLANG_WARN_UNGUARDED_AVAILABILITY = YES_AGGRESSIVE;
				CLANG_WARN_UNREACHABLE_CODE = YES;
				CLANG_WARN__DUPLICATE_METHOD_MATCH = YES;
				CODE_SIGN_IDENTITY = "iPhone Developer";
				COPY_PHASE_STRIP = NO;
				DEBUG_INFORMATION_FORMAT = "dwarf-with-dsym";
				ENABLE_NS_ASSERTIONS = NO;
				ENABLE_STRICT_OBJC_MSGSEND = YES;
				GCC_C_LANGUAGE_STANDARD = gnu11;
				GCC_NO_COMMON_BLOCKS = YES;
				GCC_WARN_64_TO_32_BIT_CONVERSION = YES;
				GCC_WARN_ABOUT_RETURN_TYPE = YES_ERROR;
				GCC_WARN_UNDECLARED_SELECTOR = YES;
				GCC_WARN_UNINITIALIZED_AUTOS = YES_AGGRESSIVE;
				GCC_WARN_UNUSED_FUNCTION = YES;
				GCC_WARN_UNUSED_VARIABLE = YES;
				IPHONEOS_DEPLOYMENT_TARGET = 12.1;
				MTL_ENABLE_DEBUG_INFO = NO;
				MTL_FAST_MATH = YES;
				SDKROOT = iphoneos;
				SWIFT_COMPILATION_MODE = wholemodule;
				SWIFT_OPTIMIZATION_LEVEL = "-O";
				VALIDATE_PRODUCT = YES;
			};
			name = Release;
		};
		9F5930FC21BD676D00BC8820 /* Debug */ = {
			isa = XCBuildConfiguration;
			baseConfigurationReference = ED41769D4A5B02EFDB924398 /* Pods-Text Recignize.debug.xcconfig */;
			buildSettings = {
				ASSETCATALOG_COMPILER_APPICON_NAME = AppIcon;
				CODE_SIGN_STYLE = Automatic;
				DEVELOPMENT_TEAM = AL9TWT5H56;
				INFOPLIST_FILE = "Text Recignize/Info.plist";
				LD_RUNPATH_SEARCH_PATHS = (
					"$(inherited)",
					"@executable_path/Frameworks",
				);
				PRODUCT_BUNDLE_IDENTIFIER = "Franxxx.Text-Recignize";
				PRODUCT_NAME = "$(TARGET_NAME)";
				SWIFT_VERSION = 4.2;
				TARGETED_DEVICE_FAMILY = "1,2";
			};
			name = Debug;
		};
		9F5930FD21BD676D00BC8820 /* Release */ = {
			isa = XCBuildConfiguration;
			baseConfigurationReference = 30109A64749DBA8C3BC3BCDF /* Pods-Text Recignize.release.xcconfig */;
			buildSettings = {
				ASSETCATALOG_COMPILER_APPICON_NAME = AppIcon;
				CODE_SIGN_STYLE = Automatic;
				DEVELOPMENT_TEAM = AL9TWT5H56;
				INFOPLIST_FILE = "Text Recignize/Info.plist";
				LD_RUNPATH_SEARCH_PATHS = (
					"$(inherited)",
					"@executable_path/Frameworks",
				);
				PRODUCT_BUNDLE_IDENTIFIER = "Franxxx.Text-Recignize";
				PRODUCT_NAME = "$(TARGET_NAME)";
				SWIFT_VERSION = 4.2;
				TARGETED_DEVICE_FAMILY = "1,2";
			};
			name = Release;
		};
		9F5930FF21BD676D00BC8820 /* Debug */ = {
			isa = XCBuildConfiguration;
			baseConfigurationReference = DB092AD8561677F3A7D78A0E /* Pods-Text RecignizeTests.debug.xcconfig */;
			buildSettings = {
				ALWAYS_EMBED_SWIFT_STANDARD_LIBRARIES = YES;
				BUNDLE_LOADER = "$(TEST_HOST)";
				CODE_SIGN_STYLE = Automatic;
				DEVELOPMENT_TEAM = AL9TWT5H56;
				INFOPLIST_FILE = "Text RecignizeTests/Info.plist";
				LD_RUNPATH_SEARCH_PATHS = (
					"$(inherited)",
					"@executable_path/Frameworks",
					"@loader_path/Frameworks",
				);
				PRODUCT_BUNDLE_IDENTIFIER = "Franxxx.Text-RecignizeTests";
				PRODUCT_NAME = "$(TARGET_NAME)";
				SWIFT_VERSION = 4.2;
				TARGETED_DEVICE_FAMILY = "1,2";
				TEST_HOST = "$(BUILT_PRODUCTS_DIR)/Text Recignize.app/Text Recignize";
			};
			name = Debug;
		};
		9F59310021BD676D00BC8820 /* Release */ = {
			isa = XCBuildConfiguration;
			baseConfigurationReference = 822898BE60CA3DA24B738A1D /* Pods-Text RecignizeTests.release.xcconfig */;
			buildSettings = {
				ALWAYS_EMBED_SWIFT_STANDARD_LIBRARIES = YES;
				BUNDLE_LOADER = "$(TEST_HOST)";
				CODE_SIGN_STYLE = Automatic;
				DEVELOPMENT_TEAM = AL9TWT5H56;
				INFOPLIST_FILE = "Text RecignizeTests/Info.plist";
				LD_RUNPATH_SEARCH_PATHS = (
					"$(inherited)",
					"@executable_path/Frameworks",
					"@loader_path/Frameworks",
				);
				PRODUCT_BUNDLE_IDENTIFIER = "Franxxx.Text-RecignizeTests";
				PRODUCT_NAME = "$(TARGET_NAME)";
				SWIFT_VERSION = 4.2;
				TARGETED_DEVICE_FAMILY = "1,2";
				TEST_HOST = "$(BUILT_PRODUCTS_DIR)/Text Recignize.app/Text Recignize";
			};
			name = Release;
		};
		9F59310221BD676D00BC8820 /* Debug */ = {
			isa = XCBuildConfiguration;
			baseConfigurationReference = 8EE94738253FD55C27996FEF /* Pods-Text RecignizeUITests.debug.xcconfig */;
			buildSettings = {
				ALWAYS_EMBED_SWIFT_STANDARD_LIBRARIES = YES;
				CODE_SIGN_STYLE = Automatic;
				DEVELOPMENT_TEAM = AL9TWT5H56;
				INFOPLIST_FILE = "Text RecignizeUITests/Info.plist";
				LD_RUNPATH_SEARCH_PATHS = (
					"$(inherited)",
					"@executable_path/Frameworks",
					"@loader_path/Frameworks",
				);
				PRODUCT_BUNDLE_IDENTIFIER = "Franxxx.Text-RecignizeUITests";
				PRODUCT_NAME = "$(TARGET_NAME)";
				SWIFT_VERSION = 4.2;
				TARGETED_DEVICE_FAMILY = "1,2";
				TEST_TARGET_NAME = "Text Recignize";
			};
			name = Debug;
		};
		9F59310321BD676D00BC8820 /* Release */ = {
			isa = XCBuildConfiguration;
			baseConfigurationReference = 823D7B497F7182B48D9653D6 /* Pods-Text RecignizeUITests.release.xcconfig */;
			buildSettings = {
				ALWAYS_EMBED_SWIFT_STANDARD_LIBRARIES = YES;
				CODE_SIGN_STYLE = Automatic;
				DEVELOPMENT_TEAM = AL9TWT5H56;
				INFOPLIST_FILE = "Text RecignizeUITests/Info.plist";
				LD_RUNPATH_SEARCH_PATHS = (
					"$(inherited)",
					"@executable_path/Frameworks",
					"@loader_path/Frameworks",
				);
				PRODUCT_BUNDLE_IDENTIFIER = "Franxxx.Text-RecignizeUITests";
				PRODUCT_NAME = "$(TARGET_NAME)";
				SWIFT_VERSION = 4.2;
				TARGETED_DEVICE_FAMILY = "1,2";
				TEST_TARGET_NAME = "Text Recignize";
			};
			name = Release;
		};
/* End XCBuildConfiguration section */

/* Begin XCConfigurationList section */
		9F5930CE21BD676700BC8820 /* Build configuration list for PBXProject "Text Recignize" */ = {
			isa = XCConfigurationList;
			buildConfigurations = (
				9F5930F921BD676D00BC8820 /* Debug */,
				9F5930FA21BD676D00BC8820 /* Release */,
			);
			defaultConfigurationIsVisible = 0;
			defaultConfigurationName = Release;
		};
		9F5930FB21BD676D00BC8820 /* Build configuration list for PBXNativeTarget "Text Recignize" */ = {
			isa = XCConfigurationList;
			buildConfigurations = (
				9F5930FC21BD676D00BC8820 /* Debug */,
				9F5930FD21BD676D00BC8820 /* Release */,
			);
			defaultConfigurationIsVisible = 0;
			defaultConfigurationName = Release;
		};
		9F5930FE21BD676D00BC8820 /* Build configuration list for PBXNativeTarget "Text RecignizeTests" */ = {
			isa = XCConfigurationList;
			buildConfigurations = (
				9F5930FF21BD676D00BC8820 /* Debug */,
				9F59310021BD676D00BC8820 /* Release */,
			);
			defaultConfigurationIsVisible = 0;
			defaultConfigurationName = Release;
		};
		9F59310121BD676D00BC8820 /* Build configuration list for PBXNativeTarget "Text RecignizeUITests" */ = {
			isa = XCConfigurationList;
			buildConfigurations = (
				9F59310221BD676D00BC8820 /* Debug */,
				9F59310321BD676D00BC8820 /* Release */,
			);
			defaultConfigurationIsVisible = 0;
			defaultConfigurationName = Release;
		};
/* End XCConfigurationList section */
	};
	rootObject = 9F5930CB21BD676700BC8820 /* Project object */;
}
