// !$*UTF8*$!
{
	archiveVersion = 1;
	classes = {
	};
	objectVersion = 50;
	objects = {

/* Begin PBXBuildFile section */
		29D6BE5C9A734508231C3F4D /* Pods_Text_Recignize.framework in Frameworks */ = {isa = PBXBuildFile; fileRef = 75723BD8A5428AA4AA9752A0 /* Pods_Text_Recignize.framework */; };
		9F219C7821F85D3E009C3614 /* AlertController.swift in Sources */ = {isa = PBXBuildFile; fileRef = 9F219C7721F85D3E009C3614 /* AlertController.swift */; };
		9F276EAF21F1CEF90018B2A7 /* SavedData.xcdatamodeld in Sources */ = {isa = PBXBuildFile; fileRef = 9F276EAD21F1CEF90018B2A7 /* SavedData.xcdatamodeld */; };
		9F276EBB21F35F1A0018B2A7 /* GoogleService-Info.plist in Resources */ = {isa = PBXBuildFile; fileRef = 9F276EB921F35F1A0018B2A7 /* GoogleService-Info.plist */; };
		9F276EBC21F35F1A0018B2A7 /* Info.plist in Resources */ = {isa = PBXBuildFile; fileRef = 9F276EBA21F35F1A0018B2A7 /* Info.plist */; };
		9F2D787D21F3D8C800E34B4D /* SignIn.swift in Sources */ = {isa = PBXBuildFile; fileRef = 9F2D787C21F3D8C800E34B4D /* SignIn.swift */; };
		9F2D788021F3E5FF00E34B4D /* CoreDataManager.swift in Sources */ = {isa = PBXBuildFile; fileRef = 9F2D787F21F3E5FF00E34B4D /* CoreDataManager.swift */; };
		9F2D788221F3E65500E34B4D /* DataStructure.swift in Sources */ = {isa = PBXBuildFile; fileRef = 9F2D788121F3E65500E34B4D /* DataStructure.swift */; };
		9F2D788821F463B800E34B4D /* Stored.storyboard in Resources */ = {isa = PBXBuildFile; fileRef = 9F2D788721F463B800E34B4D /* Stored.storyboard */; };
		9F2D788B21F465A800E34B4D /* PrototypeCell.swift in Sources */ = {isa = PBXBuildFile; fileRef = 9F2D788A21F465A800E34B4D /* PrototypeCell.swift */; };
		9F5930D721BD676800BC8820 /* AppDelegate.swift in Sources */ = {isa = PBXBuildFile; fileRef = 9F5930D621BD676800BC8820 /* AppDelegate.swift */; };
		9F5930D921BD676800BC8820 /* TextRecognizeViewController.swift in Sources */ = {isa = PBXBuildFile; fileRef = 9F5930D821BD676800BC8820 /* TextRecognizeViewController.swift */; };
		9F5930DC21BD676800BC8820 /* Login.storyboard in Resources */ = {isa = PBXBuildFile; fileRef = 9F5930DA21BD676800BC8820 /* Login.storyboard */; };
		9F5930DE21BD676D00BC8820 /* Assets.xcassets in Resources */ = {isa = PBXBuildFile; fileRef = 9F5930DD21BD676D00BC8820 /* Assets.xcassets */; };
		9F5930E121BD676D00BC8820 /* LaunchScreen.storyboard in Resources */ = {isa = PBXBuildFile; fileRef = 9F5930DF21BD676D00BC8820 /* LaunchScreen.storyboard */; };
		9FCDA0C821E4F80F0091DC6B /* TextParse.swift in Sources */ = {isa = PBXBuildFile; fileRef = 9FCDA0C721E4F80F0091DC6B /* TextParse.swift */; };
		9FCED22C21FA051500E95622 /* Main.storyboard in Resources */ = {isa = PBXBuildFile; fileRef = 9FCED22B21FA051500E95622 /* Main.storyboard */; };
		9FD43A6021FDA02F00BDF041 /* SavedData+CoreDataClass.swift in Sources */ = {isa = PBXBuildFile; fileRef = 9FD43A5F21FDA02F00BDF041 /* SavedData+CoreDataClass.swift */; };
		9FD43A6221FDA05500BDF041 /* SavedData+CoreDataProperties.swift in Sources */ = {isa = PBXBuildFile; fileRef = 9FD43A6121FDA05500BDF041 /* SavedData+CoreDataProperties.swift */; };
		9FD43A6621FDEE1D00BDF041 /* SignUp.swift in Sources */ = {isa = PBXBuildFile; fileRef = 9FD43A6521FDEE1D00BDF041 /* SignUp.swift */; };
		9FD43A6A21FE0D2100BDF041 /* LoginViewController.swift in Sources */ = {isa = PBXBuildFile; fileRef = 9FD43A6921FE0D2100BDF041 /* LoginViewController.swift */; };
		9FE2290621F7846C0066AC45 /* SaveData.swift in Sources */ = {isa = PBXBuildFile; fileRef = 9FE2290521F7846C0066AC45 /* SaveData.swift */; };
		9FE2290A21F78B050066AC45 /* SavedDataViewController.swift in Sources */ = {isa = PBXBuildFile; fileRef = 9FE2290921F78B050066AC45 /* SavedDataViewController.swift */; };
		A4AA7D93D98C54ADD61F4AE8 /* Pods_Text_RecignizeTests.framework in Frameworks */ = {isa = PBXBuildFile; fileRef = D2BB941272031F690E3A4320 /* Pods_Text_RecignizeTests.framework */; };
		C898F408C0C05C73EF398193 /* Pods_Text_RecignizeUITests.framework in Frameworks */ = {isa = PBXBuildFile; fileRef = 0E7EB6B84A35398806960FC6 /* Pods_Text_RecignizeUITests.framework */; };
/* End PBXBuildFile section */

/* Begin PBXContainerItemProxy section */
		9F5930E821BD676D00BC8820 /* PBXContainerItemProxy */ = {
			isa = PBXContainerItemProxy;
			containerPortal = 9F5930CB21BD676700BC8820 /* Project object */;
			proxyType = 1;
			remoteGlobalIDString = 9F5930D221BD676800BC8820;
			remoteInfo = "Text Recignize";
		};
		9F5930F321BD676D00BC8820 /* PBXContainerItemProxy */ = {
			isa = PBXContainerItemProxy;
			containerPortal = 9F5930CB21BD676700BC8820 /* Project object */;
			proxyType = 1;
			remoteGlobalIDString = 9F5930D221BD676800BC8820;
			remoteInfo = "Text Recignize";
		};
/* End PBXContainerItemProxy section */

/* Begin PBXFileReference section */
		0E7EB6B84A35398806960FC6 /* Pods_Text_RecignizeUITests.framework */ = {isa = PBXFileReference; explicitFileType = wrapper.framework; includeInIndex = 0; path = Pods_Text_RecignizeUITests.framework; sourceTree = BUILT_PRODUCTS_DIR; };
		1F203DA091AF470A3243784C /* Pods-Text Recignize.release.xcconfig */ = {isa = PBXFileReference; includeInIndex = 1; lastKnownFileType = text.xcconfig; name = "Pods-Text Recignize.release.xcconfig"; path = "Target Support Files/Pods-Text Recignize/Pods-Text Recignize.release.xcconfig"; sourceTree = "<group>"; };
		5A7BAF2FAD281AFBF45A57E2 /* Pods-Text Recignize.debug.xcconfig */ = {isa = PBXFileReference; includeInIndex = 1; lastKnownFileType = text.xcconfig; name = "Pods-Text Recignize.debug.xcconfig"; path = "Target Support Files/Pods-Text Recignize/Pods-Text Recignize.debug.xcconfig"; sourceTree = "<group>"; };
		72150AB7906F2F2A7304E2A6 /* Pods-Text RecignizeUITests.release.xcconfig */ = {isa = PBXFileReference; includeInIndex = 1; lastKnownFileType = text.xcconfig; name = "Pods-Text RecignizeUITests.release.xcconfig"; path = "Target Support Files/Pods-Text RecignizeUITests/Pods-Text RecignizeUITests.release.xcconfig"; sourceTree = "<group>"; };
		75723BD8A5428AA4AA9752A0 /* Pods_Text_Recignize.framework */ = {isa = PBXFileReference; explicitFileType = wrapper.framework; includeInIndex = 0; path = Pods_Text_Recignize.framework; sourceTree = BUILT_PRODUCTS_DIR; };
		9CAFA2E814524059AB4D03DC /* Pods-Text RecignizeTests.release.xcconfig */ = {isa = PBXFileReference; includeInIndex = 1; lastKnownFileType = text.xcconfig; name = "Pods-Text RecignizeTests.release.xcconfig"; path = "Target Support Files/Pods-Text RecignizeTests/Pods-Text RecignizeTests.release.xcconfig"; sourceTree = "<group>"; };
		9CE9486FCD0B77AA09ECCA3D /* Pods-Text RecignizeUITests.debug.xcconfig */ = {isa = PBXFileReference; includeInIndex = 1; lastKnownFileType = text.xcconfig; name = "Pods-Text RecignizeUITests.debug.xcconfig"; path = "Target Support Files/Pods-Text RecignizeUITests/Pods-Text RecignizeUITests.debug.xcconfig"; sourceTree = "<group>"; };
		9F219C7721F85D3E009C3614 /* AlertController.swift */ = {isa = PBXFileReference; lastKnownFileType = sourcecode.swift; path = AlertController.swift; sourceTree = "<group>"; };
		9F276EAE21F1CEF90018B2A7 /* SavedData.xcdatamodel */ = {isa = PBXFileReference; lastKnownFileType = wrapper.xcdatamodel; path = SavedData.xcdatamodel; sourceTree = "<group>"; };
		9F276EB921F35F1A0018B2A7 /* GoogleService-Info.plist */ = {isa = PBXFileReference; fileEncoding = 4; lastKnownFileType = text.plist.xml; path = "GoogleService-Info.plist"; sourceTree = "<group>"; };
		9F276EBA21F35F1A0018B2A7 /* Info.plist */ = {isa = PBXFileReference; fileEncoding = 4; lastKnownFileType = text.plist.xml; path = Info.plist; sourceTree = "<group>"; };
		9F2D787C21F3D8C800E34B4D /* SignIn.swift */ = {isa = PBXFileReference; lastKnownFileType = sourcecode.swift; path = SignIn.swift; sourceTree = "<group>"; };
		9F2D787F21F3E5FF00E34B4D /* CoreDataManager.swift */ = {isa = PBXFileReference; lastKnownFileType = sourcecode.swift; path = CoreDataManager.swift; sourceTree = "<group>"; };
		9F2D788121F3E65500E34B4D /* DataStructure.swift */ = {isa = PBXFileReference; lastKnownFileType = sourcecode.swift; path = DataStructure.swift; sourceTree = "<group>"; };
		9F2D788721F463B800E34B4D /* Stored.storyboard */ = {isa = PBXFileReference; lastKnownFileType = file.storyboard; path = Stored.storyboard; sourceTree = "<group>"; };
		9F2D788A21F465A800E34B4D /* PrototypeCell.swift */ = {isa = PBXFileReference; lastKnownFileType = sourcecode.swift; path = PrototypeCell.swift; sourceTree = "<group>"; };
		9F5930D321BD676800BC8820 /* Text Recignize.app */ = {isa = PBXFileReference; explicitFileType = wrapper.application; includeInIndex = 0; path = "Text Recignize.app"; sourceTree = BUILT_PRODUCTS_DIR; };
		9F5930D621BD676800BC8820 /* AppDelegate.swift */ = {isa = PBXFileReference; lastKnownFileType = sourcecode.swift; path = AppDelegate.swift; sourceTree = "<group>"; };
		9F5930D821BD676800BC8820 /* TextRecognizeViewController.swift */ = {isa = PBXFileReference; lastKnownFileType = sourcecode.swift; path = TextRecognizeViewController.swift; sourceTree = "<group>"; };
		9F5930DB21BD676800BC8820 /* Base */ = {isa = PBXFileReference; lastKnownFileType = file.storyboard; name = Base; path = Base.lproj/Login.storyboard; sourceTree = "<group>"; };
		9F5930DD21BD676D00BC8820 /* Assets.xcassets */ = {isa = PBXFileReference; lastKnownFileType = folder.assetcatalog; path = Assets.xcassets; sourceTree = "<group>"; };
		9F5930E021BD676D00BC8820 /* Base */ = {isa = PBXFileReference; lastKnownFileType = file.storyboard; name = Base; path = Base.lproj/LaunchScreen.storyboard; sourceTree = "<group>"; };
		9F5930E721BD676D00BC8820 /* Text RecignizeTests.xctest */ = {isa = PBXFileReference; explicitFileType = wrapper.cfbundle; includeInIndex = 0; path = "Text RecignizeTests.xctest"; sourceTree = BUILT_PRODUCTS_DIR; };
		9F5930F221BD676D00BC8820 /* Text RecignizeUITests.xctest */ = {isa = PBXFileReference; explicitFileType = wrapper.cfbundle; includeInIndex = 0; path = "Text RecignizeUITests.xctest"; sourceTree = BUILT_PRODUCTS_DIR; };
		9F986B0421FE47F1009F86E1 /* Text Recignize.entitlements */ = {isa = PBXFileReference; lastKnownFileType = text.plist.entitlements; path = "Text Recignize.entitlements"; sourceTree = "<group>"; };
		9FCDA0C721E4F80F0091DC6B /* TextParse.swift */ = {isa = PBXFileReference; lastKnownFileType = sourcecode.swift; path = TextParse.swift; sourceTree = "<group>"; };
		9FCED22B21FA051500E95622 /* Main.storyboard */ = {isa = PBXFileReference; lastKnownFileType = file.storyboard; path = Main.storyboard; sourceTree = "<group>"; };
		9FD43A5F21FDA02F00BDF041 /* SavedData+CoreDataClass.swift */ = {isa = PBXFileReference; fileEncoding = 4; lastKnownFileType = sourcecode.swift; path = "SavedData+CoreDataClass.swift"; sourceTree = "<group>"; };
		9FD43A6121FDA05500BDF041 /* SavedData+CoreDataProperties.swift */ = {isa = PBXFileReference; lastKnownFileType = sourcecode.swift; path = "SavedData+CoreDataProperties.swift"; sourceTree = "<group>"; };
		9FD43A6521FDEE1D00BDF041 /* SignUp.swift */ = {isa = PBXFileReference; lastKnownFileType = sourcecode.swift; path = SignUp.swift; sourceTree = "<group>"; };
		9FD43A6921FE0D2100BDF041 /* LoginViewController.swift */ = {isa = PBXFileReference; lastKnownFileType = sourcecode.swift; path = LoginViewController.swift; sourceTree = "<group>"; };
		9FE2290521F7846C0066AC45 /* SaveData.swift */ = {isa = PBXFileReference; lastKnownFileType = sourcecode.swift; path = SaveData.swift; sourceTree = "<group>"; };
		9FE2290921F78B050066AC45 /* SavedDataViewController.swift */ = {isa = PBXFileReference; lastKnownFileType = sourcecode.swift; path = SavedDataViewController.swift; sourceTree = "<group>"; };
		A83C3B07C7AE9D6A854C96BF /* Pods-Text RecignizeTests.debug.xcconfig */ = {isa = PBXFileReference; includeInIndex = 1; lastKnownFileType = text.xcconfig; name = "Pods-Text RecignizeTests.debug.xcconfig"; path = "Target Support Files/Pods-Text RecignizeTests/Pods-Text RecignizeTests.debug.xcconfig"; sourceTree = "<group>"; };
		D2BB941272031F690E3A4320 /* Pods_Text_RecignizeTests.framework */ = {isa = PBXFileReference; explicitFileType = wrapper.framework; includeInIndex = 0; path = Pods_Text_RecignizeTests.framework; sourceTree = BUILT_PRODUCTS_DIR; };
/* End PBXFileReference section */

/* Begin PBXFrameworksBuildPhase section */
		9F5930D021BD676800BC8820 /* Frameworks */ = {
			isa = PBXFrameworksBuildPhase;
			buildActionMask = 2147483647;
			files = (
				29D6BE5C9A734508231C3F4D /* Pods_Text_Recignize.framework in Frameworks */,
			);
			runOnlyForDeploymentPostprocessing = 0;
		};
		9F5930E421BD676D00BC8820 /* Frameworks */ = {
			isa = PBXFrameworksBuildPhase;
			buildActionMask = 2147483647;
			files = (
				A4AA7D93D98C54ADD61F4AE8 /* Pods_Text_RecignizeTests.framework in Frameworks */,
			);
			runOnlyForDeploymentPostprocessing = 0;
		};
		9F5930EF21BD676D00BC8820 /* Frameworks */ = {
			isa = PBXFrameworksBuildPhase;
			buildActionMask = 2147483647;
			files = (
				C898F408C0C05C73EF398193 /* Pods_Text_RecignizeUITests.framework in Frameworks */,
			);
			runOnlyForDeploymentPostprocessing = 0;
		};
/* End PBXFrameworksBuildPhase section */

/* Begin PBXGroup section */
		04273989DA48415DAE8EC46F /* Pods */ = {
			isa = PBXGroup;
			children = (
				5A7BAF2FAD281AFBF45A57E2 /* Pods-Text Recignize.debug.xcconfig */,
				1F203DA091AF470A3243784C /* Pods-Text Recignize.release.xcconfig */,
				A83C3B07C7AE9D6A854C96BF /* Pods-Text RecignizeTests.debug.xcconfig */,
				9CAFA2E814524059AB4D03DC /* Pods-Text RecignizeTests.release.xcconfig */,
				9CE9486FCD0B77AA09ECCA3D /* Pods-Text RecignizeUITests.debug.xcconfig */,
				72150AB7906F2F2A7304E2A6 /* Pods-Text RecignizeUITests.release.xcconfig */,
			);
			path = Pods;
			sourceTree = "<group>";
		};
		0D11E3540CD0D094171A119E /* Frameworks */ = {
			isa = PBXGroup;
			children = (
				75723BD8A5428AA4AA9752A0 /* Pods_Text_Recignize.framework */,
				D2BB941272031F690E3A4320 /* Pods_Text_RecignizeTests.framework */,
				0E7EB6B84A35398806960FC6 /* Pods_Text_RecignizeUITests.framework */,
			);
			name = Frameworks;
			sourceTree = "<group>";
		};
		9F276E8921F13BD30018B2A7 /* Data */ = {
			isa = PBXGroup;
			children = (
				9F276EAD21F1CEF90018B2A7 /* SavedData.xcdatamodeld */,
				9F2D788121F3E65500E34B4D /* DataStructure.swift */,
				9F2D787F21F3E5FF00E34B4D /* CoreDataManager.swift */,
				9FD43A5F21FDA02F00BDF041 /* SavedData+CoreDataClass.swift */,
				9FD43A6121FDA05500BDF041 /* SavedData+CoreDataProperties.swift */,
			);
			path = Data;
			sourceTree = "<group>";
		};
		9F276EB021F1D0290018B2A7 /* Storyboards */ = {
			isa = PBXGroup;
			children = (
				9F5930DA21BD676800BC8820 /* Login.storyboard */,
				9F5930DF21BD676D00BC8820 /* LaunchScreen.storyboard */,
				9F2D788721F463B800E34B4D /* Stored.storyboard */,
				9FCED22B21FA051500E95622 /* Main.storyboard */,
			);
			path = Storyboards;
			sourceTree = "<group>";
		};
		9F276EB121F1D03D0018B2A7 /* ViewControllers */ = {
			isa = PBXGroup;
			children = (
				9F5930D821BD676800BC8820 /* TextRecognizeViewController.swift */,
				9FD43A6921FE0D2100BDF041 /* LoginViewController.swift */,
				9FE2290921F78B050066AC45 /* SavedDataViewController.swift */,
			);
			path = ViewControllers;
			sourceTree = "<group>";
		};
		9F2D788921F4657F00E34B4D /* View */ = {
			isa = PBXGroup;
			children = (
				9F2D788A21F465A800E34B4D /* PrototypeCell.swift */,
			);
			path = View;
			sourceTree = "<group>";
		};
		9F2D789221F6F1A600E34B4D /* Info */ = {
			isa = PBXGroup;
			children = (
				9F276EB921F35F1A0018B2A7 /* GoogleService-Info.plist */,
				9F276EBA21F35F1A0018B2A7 /* Info.plist */,
				9F5930DD21BD676D00BC8820 /* Assets.xcassets */,
			);
			name = Info;
			sourceTree = "<group>";
		};
		9F5930CA21BD676700BC8820 = {
			isa = PBXGroup;
			children = (
				9F5930D521BD676800BC8820 /* Text Recignize */,
				9F5930D421BD676800BC8820 /* Products */,
				04273989DA48415DAE8EC46F /* Pods */,
				0D11E3540CD0D094171A119E /* Frameworks */,
			);
			sourceTree = "<group>";
		};
		9F5930D421BD676800BC8820 /* Products */ = {
			isa = PBXGroup;
			children = (
				9F5930D321BD676800BC8820 /* Text Recignize.app */,
				9F5930E721BD676D00BC8820 /* Text RecignizeTests.xctest */,
				9F5930F221BD676D00BC8820 /* Text RecignizeUITests.xctest */,
			);
			name = Products;
			sourceTree = "<group>";
		};
		9F5930D521BD676800BC8820 /* Text Recignize */ = {
			isa = PBXGroup;
			children = (
				9F986B0421FE47F1009F86E1 /* Text Recignize.entitlements */,
				9F5930D621BD676800BC8820 /* AppDelegate.swift */,
				9F276E8921F13BD30018B2A7 /* Data */,
				9FCDA0C921E5E8E00091DC6B /* Service */,
				9F276EB121F1D03D0018B2A7 /* ViewControllers */,
				9F2D788921F4657F00E34B4D /* View */,
				9F276EB021F1D0290018B2A7 /* Storyboards */,
				9F2D789221F6F1A600E34B4D /* Info */,
			);
			path = "Text Recignize";
			sourceTree = "<group>";
		};
		9FCDA0C921E5E8E00091DC6B /* Service */ = {
			isa = PBXGroup;
			children = (
				9FCDA0C721E4F80F0091DC6B /* TextParse.swift */,
				9F2D787C21F3D8C800E34B4D /* SignIn.swift */,
				9FD43A6521FDEE1D00BDF041 /* SignUp.swift */,
				9FE2290521F7846C0066AC45 /* SaveData.swift */,
				9F219C7721F85D3E009C3614 /* AlertController.swift */,
			);
			path = Service;
			sourceTree = "<group>";
		};
/* End PBXGroup section */

/* Begin PBXNativeTarget section */
		9F5930D221BD676800BC8820 /* Text Recignize */ = {
			isa = PBXNativeTarget;
			buildConfigurationList = 9F5930FB21BD676D00BC8820 /* Build configuration list for PBXNativeTarget "Text Recignize" */;
			buildPhases = (
				4CFAB9FFEA22E350798D4983 /* [CP] Check Pods Manifest.lock */,
				9FCC39E721C8CA59007D6637 /* ShellScript */,
				9F5930CF21BD676800BC8820 /* Sources */,
				9F5930D021BD676800BC8820 /* Frameworks */,
				9F5930D121BD676800BC8820 /* Resources */,
				54B163F67CBD5875D146138A /* [CP] Embed Pods Frameworks */,
				17462620839EB08AC6ED98E3 /* [CP] Copy Pods Resources */,
			);
			buildRules = (
			);
			dependencies = (
			);
			name = "Text Recignize";
			productName = "Text Recignize";
			productReference = 9F5930D321BD676800BC8820 /* Text Recignize.app */;
			productType = "com.apple.product-type.application";
		};
		9F5930E621BD676D00BC8820 /* Text RecignizeTests */ = {
			isa = PBXNativeTarget;
			buildConfigurationList = 9F5930FE21BD676D00BC8820 /* Build configuration list for PBXNativeTarget "Text RecignizeTests" */;
			buildPhases = (
				BEFCA86FD4ED09A373F9AA5C /* [CP] Check Pods Manifest.lock */,
				9F5930E321BD676D00BC8820 /* Sources */,
				9F5930E421BD676D00BC8820 /* Frameworks */,
				9F5930E521BD676D00BC8820 /* Resources */,
			);
			buildRules = (
			);
			dependencies = (
				9F5930E921BD676D00BC8820 /* PBXTargetDependency */,
			);
			name = "Text RecignizeTests";
			productName = "Text RecignizeTests";
			productReference = 9F5930E721BD676D00BC8820 /* Text RecignizeTests.xctest */;
			productType = "com.apple.product-type.bundle.unit-test";
		};
		9F5930F121BD676D00BC8820 /* Text RecignizeUITests */ = {
			isa = PBXNativeTarget;
			buildConfigurationList = 9F59310121BD676D00BC8820 /* Build configuration list for PBXNativeTarget "Text RecignizeUITests" */;
			buildPhases = (
				98A2CBBD126F05729932C0D3 /* [CP] Check Pods Manifest.lock */,
				9F5930EE21BD676D00BC8820 /* Sources */,
				9F5930EF21BD676D00BC8820 /* Frameworks */,
				9F5930F021BD676D00BC8820 /* Resources */,
			);
			buildRules = (
			);
			dependencies = (
				9F5930F421BD676D00BC8820 /* PBXTargetDependency */,
			);
			name = "Text RecignizeUITests";
			productName = "Text RecignizeUITests";
			productReference = 9F5930F221BD676D00BC8820 /* Text RecignizeUITests.xctest */;
			productType = "com.apple.product-type.bundle.ui-testing";
		};
/* End PBXNativeTarget section */

/* Begin PBXProject section */
		9F5930CB21BD676700BC8820 /* Project object */ = {
			isa = PBXProject;
			attributes = {
				LastSwiftUpdateCheck = 1010;
				LastUpgradeCheck = 1010;
				ORGANIZATIONNAME = Ringo_02;
				TargetAttributes = {
					9F5930D221BD676800BC8820 = {
						CreatedOnToolsVersion = 10.1;
						SystemCapabilities = {
							com.apple.Keychain = {
								enabled = 1;
							};
						};
					};
					9F5930E621BD676D00BC8820 = {
						CreatedOnToolsVersion = 10.1;
						TestTargetID = 9F5930D221BD676800BC8820;
					};
					9F5930F121BD676D00BC8820 = {
						CreatedOnToolsVersion = 10.1;
						TestTargetID = 9F5930D221BD676800BC8820;
					};
				};
			};
			buildConfigurationList = 9F5930CE21BD676700BC8820 /* Build configuration list for PBXProject "Text Recignize" */;
			compatibilityVersion = "Xcode 9.3";
			developmentRegion = en;
			hasScannedForEncodings = 0;
			knownRegions = (
				en,
				Base,
			);
			mainGroup = 9F5930CA21BD676700BC8820;
			productRefGroup = 9F5930D421BD676800BC8820 /* Products */;
			projectDirPath = "";
			projectRoot = "";
			targets = (
				9F5930D221BD676800BC8820 /* Text Recignize */,
				9F5930E621BD676D00BC8820 /* Text RecignizeTests */,
				9F5930F121BD676D00BC8820 /* Text RecignizeUITests */,
			);
		};
/* End PBXProject section */

/* Begin PBXResourcesBuildPhase section */
		9F5930D121BD676800BC8820 /* Resources */ = {
			isa = PBXResourcesBuildPhase;
			buildActionMask = 2147483647;
			files = (
				9F5930E121BD676D00BC8820 /* LaunchScreen.storyboard in Resources */,
				9F2D788821F463B800E34B4D /* Stored.storyboard in Resources */,
				9F276EBB21F35F1A0018B2A7 /* GoogleService-Info.plist in Resources */,
				9F5930DE21BD676D00BC8820 /* Assets.xcassets in Resources */,
				9FCED22C21FA051500E95622 /* Main.storyboard in Resources */,
				9F276EBC21F35F1A0018B2A7 /* Info.plist in Resources */,
				9F5930DC21BD676800BC8820 /* Login.storyboard in Resources */,
			);
			runOnlyForDeploymentPostprocessing = 0;
		};
		9F5930E521BD676D00BC8820 /* Resources */ = {
			isa = PBXResourcesBuildPhase;
			buildActionMask = 2147483647;
			files = (
			);
			runOnlyForDeploymentPostprocessing = 0;
		};
		9F5930F021BD676D00BC8820 /* Resources */ = {
			isa = PBXResourcesBuildPhase;
			buildActionMask = 2147483647;
			files = (
			);
			runOnlyForDeploymentPostprocessing = 0;
		};
/* End PBXResourcesBuildPhase section */

/* Begin PBXShellScriptBuildPhase section */
		17462620839EB08AC6ED98E3 /* [CP] Copy Pods Resources */ = {
			isa = PBXShellScriptBuildPhase;
			buildActionMask = 2147483647;
			files = (
			);
			inputFileListPaths = (
			);
			inputPaths = (
				"${PODS_ROOT}/Target Support Files/Pods-Text Recignize/Pods-Text Recignize-resources.sh",
				"${PODS_CONFIGURATION_BUILD_DIR}/GoogleMobileVision/GoogleMVTextDetectorResources.bundle",
			);
			name = "[CP] Copy Pods Resources";
			outputFileListPaths = (
			);
			outputPaths = (
				"${TARGET_BUILD_DIR}/${UNLOCALIZED_RESOURCES_FOLDER_PATH}/GoogleMVTextDetectorResources.bundle",
			);
			runOnlyForDeploymentPostprocessing = 0;
			shellPath = /bin/sh;
			shellScript = "\"${PODS_ROOT}/Target Support Files/Pods-Text Recignize/Pods-Text Recignize-resources.sh\"\n";
			showEnvVarsInLog = 0;
		};
		4CFAB9FFEA22E350798D4983 /* [CP] Check Pods Manifest.lock */ = {
			isa = PBXShellScriptBuildPhase;
			buildActionMask = 2147483647;
			files = (
			);
			inputFileListPaths = (
			);
			inputPaths = (
				"${PODS_PODFILE_DIR_PATH}/Podfile.lock",
				"${PODS_ROOT}/Manifest.lock",
			);
			name = "[CP] Check Pods Manifest.lock";
			outputFileListPaths = (
			);
			outputPaths = (
				"$(DERIVED_FILE_DIR)/Pods-Text Recignize-checkManifestLockResult.txt",
			);
			runOnlyForDeploymentPostprocessing = 0;
			shellPath = /bin/sh;
			shellScript = "diff \"${PODS_PODFILE_DIR_PATH}/Podfile.lock\" \"${PODS_ROOT}/Manifest.lock\" > /dev/null\nif [ $? != 0 ] ; then\n    # print error to STDERR\n    echo \"error: The sandbox is not in sync with the Podfile.lock. Run 'pod install' or update your CocoaPods installation.\" >&2\n    exit 1\nfi\n# This output is used by Xcode 'outputs' to avoid re-running this script phase.\necho \"SUCCESS\" > \"${SCRIPT_OUTPUT_FILE_0}\"\n";
			showEnvVarsInLog = 0;
		};
		54B163F67CBD5875D146138A /* [CP] Embed Pods Frameworks */ = {
			isa = PBXShellScriptBuildPhase;
			buildActionMask = 2147483647;
			files = (
			);
			inputFileListPaths = (
			);
			inputPaths = (
				"${PODS_ROOT}/Target Support Files/Pods-Text Recignize/Pods-Text Recignize-frameworks.sh",
				"${BUILT_PRODUCTS_DIR}/GTMSessionFetcher/GTMSessionFetcher.framework",
				"${BUILT_PRODUCTS_DIR}/GoogleAPIClientForREST/GoogleAPIClientForREST.framework",
				"${BUILT_PRODUCTS_DIR}/GoogleToolboxForMac/GoogleToolboxForMac.framework",
				"${BUILT_PRODUCTS_DIR}/GoogleUtilities/GoogleUtilities.framework",
				"${BUILT_PRODUCTS_DIR}/KeyboardHideManager/KeyboardHideManager.framework",
				"${BUILT_PRODUCTS_DIR}/Protobuf/Protobuf.framework",
				"${BUILT_PRODUCTS_DIR}/nanopb/nanopb.framework",
			);
			name = "[CP] Embed Pods Frameworks";
			outputFileListPaths = (
			);
			outputPaths = (
				"${TARGET_BUILD_DIR}/${FRAMEWORKS_FOLDER_PATH}/GTMSessionFetcher.framework",
				"${TARGET_BUILD_DIR}/${FRAMEWORKS_FOLDER_PATH}/GoogleAPIClientForREST.framework",
				"${TARGET_BUILD_DIR}/${FRAMEWORKS_FOLDER_PATH}/GoogleToolboxForMac.framework",
				"${TARGET_BUILD_DIR}/${FRAMEWORKS_FOLDER_PATH}/GoogleUtilities.framework",
				"${TARGET_BUILD_DIR}/${FRAMEWORKS_FOLDER_PATH}/KeyboardHideManager.framework",
				"${TARGET_BUILD_DIR}/${FRAMEWORKS_FOLDER_PATH}/Protobuf.framework",
				"${TARGET_BUILD_DIR}/${FRAMEWORKS_FOLDER_PATH}/nanopb.framework",
			);
			runOnlyForDeploymentPostprocessing = 0;
			shellPath = /bin/sh;
			shellScript = "\"${PODS_ROOT}/Target Support Files/Pods-Text Recignize/Pods-Text Recignize-frameworks.sh\"\n";
			showEnvVarsInLog = 0;
		};
		98A2CBBD126F05729932C0D3 /* [CP] Check Pods Manifest.lock */ = {
			isa = PBXShellScriptBuildPhase;
			buildActionMask = 2147483647;
			files = (
			);
			inputFileListPaths = (
			);
			inputPaths = (
				"${PODS_PODFILE_DIR_PATH}/Podfile.lock",
				"${PODS_ROOT}/Manifest.lock",
			);
			name = "[CP] Check Pods Manifest.lock";
			outputFileListPaths = (
			);
			outputPaths = (
				"$(DERIVED_FILE_DIR)/Pods-Text RecignizeUITests-checkManifestLockResult.txt",
			);
			runOnlyForDeploymentPostprocessing = 0;
			shellPath = /bin/sh;
			shellScript = "diff \"${PODS_PODFILE_DIR_PATH}/Podfile.lock\" \"${PODS_ROOT}/Manifest.lock\" > /dev/null\nif [ $? != 0 ] ; then\n    # print error to STDERR\n    echo \"error: The sandbox is not in sync with the Podfile.lock. Run 'pod install' or update your CocoaPods installation.\" >&2\n    exit 1\nfi\n# This output is used by Xcode 'outputs' to avoid re-running this script phase.\necho \"SUCCESS\" > \"${SCRIPT_OUTPUT_FILE_0}\"\n";
			showEnvVarsInLog = 0;
		};
		9FCC39E721C8CA59007D6637 /* ShellScript */ = {
			isa = PBXShellScriptBuildPhase;
			buildActionMask = 2147483647;
			files = (
			);
			inputFileListPaths = (
			);
			inputPaths = (
			);
			outputFileListPaths = (
			);
			outputPaths = (
			);
			runOnlyForDeploymentPostprocessing = 0;
			shellPath = /bin/sh;
			shellScript = "# Type a script or drag a script file from your workspace to insert its path.\nif which swiftlint >/dev/null; then\nswiftlint\nelse\necho \"warning: SwiftLint not installed, download from https://github.com/realm/SwiftLint\"\nfi\n";
		};
		BEFCA86FD4ED09A373F9AA5C /* [CP] Check Pods Manifest.lock */ = {
			isa = PBXShellScriptBuildPhase;
			buildActionMask = 2147483647;
			files = (
			);
			inputFileListPaths = (
			);
			inputPaths = (
				"${PODS_PODFILE_DIR_PATH}/Podfile.lock",
				"${PODS_ROOT}/Manifest.lock",
			);
			name = "[CP] Check Pods Manifest.lock";
			outputFileListPaths = (
			);
			outputPaths = (
				"$(DERIVED_FILE_DIR)/Pods-Text RecignizeTests-checkManifestLockResult.txt",
			);
			runOnlyForDeploymentPostprocessing = 0;
			shellPath = /bin/sh;
			shellScript = "diff \"${PODS_PODFILE_DIR_PATH}/Podfile.lock\" \"${PODS_ROOT}/Manifest.lock\" > /dev/null\nif [ $? != 0 ] ; then\n    # print error to STDERR\n    echo \"error: The sandbox is not in sync with the Podfile.lock. Run 'pod install' or update your CocoaPods installation.\" >&2\n    exit 1\nfi\n# This output is used by Xcode 'outputs' to avoid re-running this script phase.\necho \"SUCCESS\" > \"${SCRIPT_OUTPUT_FILE_0}\"\n";
			showEnvVarsInLog = 0;
		};
/* End PBXShellScriptBuildPhase section */

/* Begin PBXSourcesBuildPhase section */
		9F5930CF21BD676800BC8820 /* Sources */ = {
			isa = PBXSourcesBuildPhase;
			buildActionMask = 2147483647;
			files = (
				9F219C7821F85D3E009C3614 /* AlertController.swift in Sources */,
				9FD43A6021FDA02F00BDF041 /* SavedData+CoreDataClass.swift in Sources */,
				9F2D788B21F465A800E34B4D /* PrototypeCell.swift in Sources */,
				9F276EAF21F1CEF90018B2A7 /* SavedData.xcdatamodeld in Sources */,
				9F2D788021F3E5FF00E34B4D /* CoreDataManager.swift in Sources */,
				9FE2290621F7846C0066AC45 /* SaveData.swift in Sources */,
				9F2D788221F3E65500E34B4D /* DataStructure.swift in Sources */,
				9FD43A6621FDEE1D00BDF041 /* SignUp.swift in Sources */,
				9FCDA0C821E4F80F0091DC6B /* TextParse.swift in Sources */,
				9FE2290A21F78B050066AC45 /* SavedDataViewController.swift in Sources */,
				9F5930D921BD676800BC8820 /* TextRecognizeViewController.swift in Sources */,
				9FD43A6A21FE0D2100BDF041 /* LoginViewController.swift in Sources */,
				9FD43A6221FDA05500BDF041 /* SavedData+CoreDataProperties.swift in Sources */,
				9F2D787D21F3D8C800E34B4D /* SignIn.swift in Sources */,
				9F5930D721BD676800BC8820 /* AppDelegate.swift in Sources */,
			);
			runOnlyForDeploymentPostprocessing = 0;
		};
		9F5930E321BD676D00BC8820 /* Sources */ = {
			isa = PBXSourcesBuildPhase;
			buildActionMask = 2147483647;
			files = (
			);
			runOnlyForDeploymentPostprocessing = 0;
		};
		9F5930EE21BD676D00BC8820 /* Sources */ = {
			isa = PBXSourcesBuildPhase;
			buildActionMask = 2147483647;
			files = (
			);
			runOnlyForDeploymentPostprocessing = 0;
		};
/* End PBXSourcesBuildPhase section */

/* Begin PBXTargetDependency section */
		9F5930E921BD676D00BC8820 /* PBXTargetDependency */ = {
			isa = PBXTargetDependency;
			target = 9F5930D221BD676800BC8820 /* Text Recignize */;
			targetProxy = 9F5930E821BD676D00BC8820 /* PBXContainerItemProxy */;
		};
		9F5930F421BD676D00BC8820 /* PBXTargetDependency */ = {
			isa = PBXTargetDependency;
			target = 9F5930D221BD676800BC8820 /* Text Recignize */;
			targetProxy = 9F5930F321BD676D00BC8820 /* PBXContainerItemProxy */;
		};
/* End PBXTargetDependency section */

/* Begin PBXVariantGroup section */
		9F5930DA21BD676800BC8820 /* Login.storyboard */ = {
			isa = PBXVariantGroup;
			children = (
				9F5930DB21BD676800BC8820 /* Base */,
			);
			name = Login.storyboard;
			sourceTree = "<group>";
		};
		9F5930DF21BD676D00BC8820 /* LaunchScreen.storyboard */ = {
			isa = PBXVariantGroup;
			children = (
				9F5930E021BD676D00BC8820 /* Base */,
			);
			name = LaunchScreen.storyboard;
			sourceTree = "<group>";
		};
/* End PBXVariantGroup section */

/* Begin XCBuildConfiguration section */
		9F5930F921BD676D00BC8820 /* Debug */ = {
			isa = XCBuildConfiguration;
			buildSettings = {
				ALWAYS_SEARCH_USER_PATHS = NO;
				CLANG_ANALYZER_NONNULL = YES;
				CLANG_ANALYZER_NUMBER_OBJECT_CONVERSION = YES_AGGRESSIVE;
				CLANG_CXX_LANGUAGE_STANDARD = "gnu++14";
				CLANG_CXX_LIBRARY = "libc++";
				CLANG_ENABLE_MODULES = YES;
				CLANG_ENABLE_OBJC_ARC = YES;
				CLANG_ENABLE_OBJC_WEAK = YES;
				CLANG_WARN_BLOCK_CAPTURE_AUTORELEASING = YES;
				CLANG_WARN_BOOL_CONVERSION = YES;
				CLANG_WARN_COMMA = YES;
				CLANG_WARN_CONSTANT_CONVERSION = YES;
				CLANG_WARN_DEPRECATED_OBJC_IMPLEMENTATIONS = YES;
				CLANG_WARN_DIRECT_OBJC_ISA_USAGE = YES_ERROR;
				CLANG_WARN_DOCUMENTATION_COMMENTS = YES;
				CLANG_WARN_EMPTY_BODY = YES;
				CLANG_WARN_ENUM_CONVERSION = YES;
				CLANG_WARN_INFINITE_RECURSION = YES;
				CLANG_WARN_INT_CONVERSION = YES;
				CLANG_WARN_NON_LITERAL_NULL_CONVERSION = YES;
				CLANG_WARN_OBJC_IMPLICIT_RETAIN_SELF = YES;
				CLANG_WARN_OBJC_LITERAL_CONVERSION = YES;
				CLANG_WARN_OBJC_ROOT_CLASS = YES_ERROR;
				CLANG_WARN_RANGE_LOOP_ANALYSIS = YES;
				CLANG_WARN_STRICT_PROTOTYPES = YES;
				CLANG_WARN_SUSPICIOUS_MOVE = YES;
				CLANG_WARN_UNGUARDED_AVAILABILITY = YES_AGGRESSIVE;
				CLANG_WARN_UNREACHABLE_CODE = YES;
				CLANG_WARN__DUPLICATE_METHOD_MATCH = YES;
				CODE_SIGN_IDENTITY = "iPhone Developer";
				COPY_PHASE_STRIP = NO;
				DEBUG_INFORMATION_FORMAT = dwarf;
				ENABLE_STRICT_OBJC_MSGSEND = YES;
				ENABLE_TESTABILITY = YES;
				GCC_C_LANGUAGE_STANDARD = gnu11;
				GCC_DYNAMIC_NO_PIC = NO;
				GCC_NO_COMMON_BLOCKS = YES;
				GCC_OPTIMIZATION_LEVEL = 0;
				GCC_PREPROCESSOR_DEFINITIONS = (
					"DEBUG=1",
					"$(inherited)",
				);
				GCC_WARN_64_TO_32_BIT_CONVERSION = YES;
				GCC_WARN_ABOUT_RETURN_TYPE = YES_ERROR;
				GCC_WARN_UNDECLARED_SELECTOR = YES;
				GCC_WARN_UNINITIALIZED_AUTOS = YES_AGGRESSIVE;
				GCC_WARN_UNUSED_FUNCTION = YES;
				GCC_WARN_UNUSED_VARIABLE = YES;
				IPHONEOS_DEPLOYMENT_TARGET = 10.0;
				MTL_ENABLE_DEBUG_INFO = INCLUDE_SOURCE;
				MTL_FAST_MATH = YES;
				ONLY_ACTIVE_ARCH = YES;
				SDKROOT = iphoneos;
				SWIFT_ACTIVE_COMPILATION_CONDITIONS = DEBUG;
				SWIFT_OPTIMIZATION_LEVEL = "-Onone";
			};
			name = Debug;
		};
		9F5930FA21BD676D00BC8820 /* Release */ = {
			isa = XCBuildConfiguration;
			buildSettings = {
				ALWAYS_SEARCH_USER_PATHS = NO;
				CLANG_ANALYZER_NONNULL = YES;
				CLANG_ANALYZER_NUMBER_OBJECT_CONVERSION = YES_AGGRESSIVE;
				CLANG_CXX_LANGUAGE_STANDARD = "gnu++14";
				CLANG_CXX_LIBRARY = "libc++";
				CLANG_ENABLE_MODULES = YES;
				CLANG_ENABLE_OBJC_ARC = YES;
				CLANG_ENABLE_OBJC_WEAK = YES;
				CLANG_WARN_BLOCK_CAPTURE_AUTORELEASING = YES;
				CLANG_WARN_BOOL_CONVERSION = YES;
				CLANG_WARN_COMMA = YES;
				CLANG_WARN_CONSTANT_CONVERSION = YES;
				CLANG_WARN_DEPRECATED_OBJC_IMPLEMENTATIONS = YES;
				CLANG_WARN_DIRECT_OBJC_ISA_USAGE = YES_ERROR;
				CLANG_WARN_DOCUMENTATION_COMMENTS = YES;
				CLANG_WARN_EMPTY_BODY = YES;
				CLANG_WARN_ENUM_CONVERSION = YES;
				CLANG_WARN_INFINITE_RECURSION = YES;
				CLANG_WARN_INT_CONVERSION = YES;
				CLANG_WARN_NON_LITERAL_NULL_CONVERSION = YES;
				CLANG_WARN_OBJC_IMPLICIT_RETAIN_SELF = YES;
				CLANG_WARN_OBJC_LITERAL_CONVERSION = YES;
				CLANG_WARN_OBJC_ROOT_CLASS = YES_ERROR;
				CLANG_WARN_RANGE_LOOP_ANALYSIS = YES;
				CLANG_WARN_STRICT_PROTOTYPES = YES;
				CLANG_WARN_SUSPICIOUS_MOVE = YES;
				CLANG_WARN_UNGUARDED_AVAILABILITY = YES_AGGRESSIVE;
				CLANG_WARN_UNREACHABLE_CODE = YES;
				CLANG_WARN__DUPLICATE_METHOD_MATCH = YES;
				CODE_SIGN_IDENTITY = "iPhone Developer";
				COPY_PHASE_STRIP = NO;
				DEBUG_INFORMATION_FORMAT = "dwarf-with-dsym";
				ENABLE_NS_ASSERTIONS = NO;
				ENABLE_STRICT_OBJC_MSGSEND = YES;
				GCC_C_LANGUAGE_STANDARD = gnu11;
				GCC_NO_COMMON_BLOCKS = YES;
				GCC_WARN_64_TO_32_BIT_CONVERSION = YES;
				GCC_WARN_ABOUT_RETURN_TYPE = YES_ERROR;
				GCC_WARN_UNDECLARED_SELECTOR = YES;
				GCC_WARN_UNINITIALIZED_AUTOS = YES_AGGRESSIVE;
				GCC_WARN_UNUSED_FUNCTION = YES;
				GCC_WARN_UNUSED_VARIABLE = YES;
				IPHONEOS_DEPLOYMENT_TARGET = 10.0;
				MTL_ENABLE_DEBUG_INFO = NO;
				MTL_FAST_MATH = YES;
				SDKROOT = iphoneos;
				SWIFT_COMPILATION_MODE = wholemodule;
				SWIFT_OPTIMIZATION_LEVEL = "-O";
				VALIDATE_PRODUCT = YES;
			};
			name = Release;
		};
		9F5930FC21BD676D00BC8820 /* Debug */ = {
			isa = XCBuildConfiguration;
			baseConfigurationReference = 5A7BAF2FAD281AFBF45A57E2 /* Pods-Text Recignize.debug.xcconfig */;
			buildSettings = {
				ASSETCATALOG_COMPILER_APPICON_NAME = AppIcon;
				CODE_SIGN_ENTITLEMENTS = "Text Recignize/Text Recignize.entitlements";
				CODE_SIGN_STYLE = Automatic;
				DEVELOPMENT_TEAM = AL9TWT5H56;
				INFOPLIST_FILE = "$(SRCROOT)/Text Recignize/Info.plist";
				LD_RUNPATH_SEARCH_PATHS = (
					"$(inherited)",
					"@executable_path/Frameworks",
				);
				PRODUCT_BUNDLE_IDENTIFIER = "Franxxx.Text-Recignize";
				PRODUCT_NAME = "$(TARGET_NAME)";
				SWIFT_VERSION = 4.2;
				TARGETED_DEVICE_FAMILY = "1,2";
			};
			name = Debug;
		};
		9F5930FD21BD676D00BC8820 /* Release */ = {
			isa = XCBuildConfiguration;
			baseConfigurationReference = 1F203DA091AF470A3243784C /* Pods-Text Recignize.release.xcconfig */;
			buildSettings = {
				ASSETCATALOG_COMPILER_APPICON_NAME = AppIcon;
				CODE_SIGN_ENTITLEMENTS = "Text Recignize/Text Recignize.entitlements";
				CODE_SIGN_STYLE = Automatic;
				DEVELOPMENT_TEAM = AL9TWT5H56;
				INFOPLIST_FILE = "$(SRCROOT)/Text Recignize/Info.plist";
				LD_RUNPATH_SEARCH_PATHS = (
					"$(inherited)",
					"@executable_path/Frameworks",
				);
				PRODUCT_BUNDLE_IDENTIFIER = "Franxxx.Text-Recignize";
				PRODUCT_NAME = "$(TARGET_NAME)";
				SWIFT_VERSION = 4.2;
				TARGETED_DEVICE_FAMILY = "1,2";
			};
			name = Release;
		};
		9F5930FF21BD676D00BC8820 /* Debug */ = {
			isa = XCBuildConfiguration;
			baseConfigurationReference = A83C3B07C7AE9D6A854C96BF /* Pods-Text RecignizeTests.debug.xcconfig */;
			buildSettings = {
				ALWAYS_EMBED_SWIFT_STANDARD_LIBRARIES = YES;
				BUNDLE_LOADER = "$(TEST_HOST)";
				CODE_SIGN_STYLE = Automatic;
				DEVELOPMENT_TEAM = AL9TWT5H56;
				INFOPLIST_FILE = "Text RecignizeTests/Info.plist";
				LD_RUNPATH_SEARCH_PATHS = (
					"$(inherited)",
					"@executable_path/Frameworks",
					"@loader_path/Frameworks",
				);
				PRODUCT_BUNDLE_IDENTIFIER = "Franxxx.Text-RecignizeTests";
				PRODUCT_NAME = "$(TARGET_NAME)";
				SWIFT_VERSION = 4.2;
				TARGETED_DEVICE_FAMILY = "1,2";
				TEST_HOST = "$(BUILT_PRODUCTS_DIR)/Text Recignize.app/Text Recignize";
			};
			name = Debug;
		};
		9F59310021BD676D00BC8820 /* Release */ = {
			isa = XCBuildConfiguration;
			baseConfigurationReference = 9CAFA2E814524059AB4D03DC /* Pods-Text RecignizeTests.release.xcconfig */;
			buildSettings = {
				ALWAYS_EMBED_SWIFT_STANDARD_LIBRARIES = YES;
				BUNDLE_LOADER = "$(TEST_HOST)";
				CODE_SIGN_STYLE = Automatic;
				DEVELOPMENT_TEAM = AL9TWT5H56;
				INFOPLIST_FILE = "Text RecignizeTests/Info.plist";
				LD_RUNPATH_SEARCH_PATHS = (
					"$(inherited)",
					"@executable_path/Frameworks",
					"@loader_path/Frameworks",
				);
				PRODUCT_BUNDLE_IDENTIFIER = "Franxxx.Text-RecignizeTests";
				PRODUCT_NAME = "$(TARGET_NAME)";
				SWIFT_VERSION = 4.2;
				TARGETED_DEVICE_FAMILY = "1,2";
				TEST_HOST = "$(BUILT_PRODUCTS_DIR)/Text Recignize.app/Text Recignize";
			};
			name = Release;
		};
		9F59310221BD676D00BC8820 /* Debug */ = {
			isa = XCBuildConfiguration;
			baseConfigurationReference = 9CE9486FCD0B77AA09ECCA3D /* Pods-Text RecignizeUITests.debug.xcconfig */;
			buildSettings = {
				ALWAYS_EMBED_SWIFT_STANDARD_LIBRARIES = YES;
				CODE_SIGN_STYLE = Automatic;
				DEVELOPMENT_TEAM = AL9TWT5H56;
				INFOPLIST_FILE = "Text RecignizeUITests/Info.plist";
				LD_RUNPATH_SEARCH_PATHS = (
					"$(inherited)",
					"@executable_path/Frameworks",
					"@loader_path/Frameworks",
				);
				PRODUCT_BUNDLE_IDENTIFIER = "Franxxx.Text-RecignizeUITests";
				PRODUCT_NAME = "$(TARGET_NAME)";
				SWIFT_VERSION = 4.2;
				TARGETED_DEVICE_FAMILY = "1,2";
				TEST_TARGET_NAME = "Text Recignize";
			};
			name = Debug;
		};
		9F59310321BD676D00BC8820 /* Release */ = {
			isa = XCBuildConfiguration;
			baseConfigurationReference = 72150AB7906F2F2A7304E2A6 /* Pods-Text RecignizeUITests.release.xcconfig */;
			buildSettings = {
				ALWAYS_EMBED_SWIFT_STANDARD_LIBRARIES = YES;
				CODE_SIGN_STYLE = Automatic;
				DEVELOPMENT_TEAM = AL9TWT5H56;
				INFOPLIST_FILE = "Text RecignizeUITests/Info.plist";
				LD_RUNPATH_SEARCH_PATHS = (
					"$(inherited)",
					"@executable_path/Frameworks",
					"@loader_path/Frameworks",
				);
				PRODUCT_BUNDLE_IDENTIFIER = "Franxxx.Text-RecignizeUITests";
				PRODUCT_NAME = "$(TARGET_NAME)";
				SWIFT_VERSION = 4.2;
				TARGETED_DEVICE_FAMILY = "1,2";
				TEST_TARGET_NAME = "Text Recignize";
			};
			name = Release;
		};
/* End XCBuildConfiguration section */

/* Begin XCConfigurationList section */
		9F5930CE21BD676700BC8820 /* Build configuration list for PBXProject "Text Recignize" */ = {
			isa = XCConfigurationList;
			buildConfigurations = (
				9F5930F921BD676D00BC8820 /* Debug */,
				9F5930FA21BD676D00BC8820 /* Release */,
			);
			defaultConfigurationIsVisible = 0;
			defaultConfigurationName = Release;
		};
		9F5930FB21BD676D00BC8820 /* Build configuration list for PBXNativeTarget "Text Recignize" */ = {
			isa = XCConfigurationList;
			buildConfigurations = (
				9F5930FC21BD676D00BC8820 /* Debug */,
				9F5930FD21BD676D00BC8820 /* Release */,
			);
			defaultConfigurationIsVisible = 0;
			defaultConfigurationName = Release;
		};
		9F5930FE21BD676D00BC8820 /* Build configuration list for PBXNativeTarget "Text RecignizeTests" */ = {
			isa = XCConfigurationList;
			buildConfigurations = (
				9F5930FF21BD676D00BC8820 /* Debug */,
				9F59310021BD676D00BC8820 /* Release */,
			);
			defaultConfigurationIsVisible = 0;
			defaultConfigurationName = Release;
		};
		9F59310121BD676D00BC8820 /* Build configuration list for PBXNativeTarget "Text RecignizeUITests" */ = {
			isa = XCConfigurationList;
			buildConfigurations = (
				9F59310221BD676D00BC8820 /* Debug */,
				9F59310321BD676D00BC8820 /* Release */,
			);
			defaultConfigurationIsVisible = 0;
			defaultConfigurationName = Release;
		};
/* End XCConfigurationList section */

/* Begin XCVersionGroup section */
		9F276EAD21F1CEF90018B2A7 /* SavedData.xcdatamodeld */ = {
			isa = XCVersionGroup;
			children = (
				9F276EAE21F1CEF90018B2A7 /* SavedData.xcdatamodel */,
			);
			currentVersion = 9F276EAE21F1CEF90018B2A7 /* SavedData.xcdatamodel */;
			path = SavedData.xcdatamodeld;
			sourceTree = "<group>";
			versionGroupType = wrapper.xcdatamodel;
		};
/* End XCVersionGroup section */
	};
	rootObject = 9F5930CB21BD676700BC8820 /* Project object */;
}
